// !$*UTF8*$!
{
	archiveVersion = 1;
	classes = {
	};
	objectVersion = 50;
	objects = {

/* Begin PBXBuildFile section */
		59A79B16224711D900D82A09 /* MyBadgesPVC.swift in Sources */ = {isa = PBXBuildFile; fileRef = 59A79B15224711D900D82A09 /* MyBadgesPVC.swift */; };
		59A79B18224711FC00D82A09 /* MyBadgesContainerVC.swift in Sources */ = {isa = PBXBuildFile; fileRef = 59A79B17224711FC00D82A09 /* MyBadgesContainerVC.swift */; };
		59A79B1D22472A1800D82A09 /* BadgeCVCell.swift in Sources */ = {isa = PBXBuildFile; fileRef = 59A79B1C22472A1800D82A09 /* BadgeCVCell.swift */; };
		D52A5E58220BC35900849266 /* GoogleService-Info.plist in Resources */ = {isa = PBXBuildFile; fileRef = D52A5E57220BC35900849266 /* GoogleService-Info.plist */; };
		D52CB3EC214AD284007C58D2 /* WegautConstants.swift in Sources */ = {isa = PBXBuildFile; fileRef = D52CB3EB214AD284007C58D2 /* WegautConstants.swift */; };
		D52CB3EF214AD40C007C58D2 /* UIViewControllerExtensions.swift in Sources */ = {isa = PBXBuildFile; fileRef = D52CB3EE214AD40C007C58D2 /* UIViewControllerExtensions.swift */; };
		D53E120A21FF821E000552BC /* UIDeviceExtensions.swift in Sources */ = {isa = PBXBuildFile; fileRef = D53E120921FF821E000552BC /* UIDeviceExtensions.swift */; };
		D55CC4A321C041D1000A1C43 /* NewOrganizerTVCell.swift in Sources */ = {isa = PBXBuildFile; fileRef = D55CC4A221C041D1000A1C43 /* NewOrganizerTVCell.swift */; };
		D55CC4A521C041E4000A1C43 /* NewSponsorTVCell.swift in Sources */ = {isa = PBXBuildFile; fileRef = D55CC4A421C041E4000A1C43 /* NewSponsorTVCell.swift */; };
		D55CC4A721C04201000A1C43 /* WebEventTVCell.swift in Sources */ = {isa = PBXBuildFile; fileRef = D55CC4A621C04201000A1C43 /* WebEventTVCell.swift */; };
		D55CC4A921C04269000A1C43 /* NewMultimediaTVCell.swift in Sources */ = {isa = PBXBuildFile; fileRef = D55CC4A821C04269000A1C43 /* NewMultimediaTVCell.swift */; };
		D55CC4AB21C04277000A1C43 /* NewTagTVCell.swift in Sources */ = {isa = PBXBuildFile; fileRef = D55CC4AA21C04277000A1C43 /* NewTagTVCell.swift */; };
		D55CC4AE21C042A2000A1C43 /* NewOrganizerCVCell.swift in Sources */ = {isa = PBXBuildFile; fileRef = D55CC4AD21C042A2000A1C43 /* NewOrganizerCVCell.swift */; };
		D55CC4B021C042B1000A1C43 /* NewSponsorCVCell.swift in Sources */ = {isa = PBXBuildFile; fileRef = D55CC4AF21C042B1000A1C43 /* NewSponsorCVCell.swift */; };
		D55CC4B221C042C2000A1C43 /* NewMultimediaCVCell.swift in Sources */ = {isa = PBXBuildFile; fileRef = D55CC4B121C042C2000A1C43 /* NewMultimediaCVCell.swift */; };
		D55CC4B421C042D6000A1C43 /* NewTagCVCell.swift in Sources */ = {isa = PBXBuildFile; fileRef = D55CC4B321C042D6000A1C43 /* NewTagCVCell.swift */; };
		D55CC4B621C05A90000A1C43 /* PlaceTVCell.swift in Sources */ = {isa = PBXBuildFile; fileRef = D55CC4B521C05A90000A1C43 /* PlaceTVCell.swift */; };
		D5A7710E2200D66900F49D06 /* EventAnnotation.swift in Sources */ = {isa = PBXBuildFile; fileRef = D5A7710D2200D66900F49D06 /* EventAnnotation.swift */; };
		D5BCEE7B219B60C6003428C9 /* FORButton.swift in Sources */ = {isa = PBXBuildFile; fileRef = D5BCEE7A219B60C5003428C9 /* FORButton.swift */; };
		D5C8BB2F22022E550028F4CB /* MapKit.framework in Frameworks */ = {isa = PBXBuildFile; fileRef = D5C8BB2E22022E550028F4CB /* MapKit.framework */; };
		D5CAD99621A75655002D2335 /* Activity.swift in Sources */ = {isa = PBXBuildFile; fileRef = D5CAD99521A75655002D2335 /* Activity.swift */; };
		D5CAD99821A761FE002D2335 /* Level.swift in Sources */ = {isa = PBXBuildFile; fileRef = D5CAD99721A761FE002D2335 /* Level.swift */; };
		D5CB94DE2149973D00009BCB /* LoginVC.swift in Sources */ = {isa = PBXBuildFile; fileRef = D5CB94DD2149973D00009BCB /* LoginVC.swift */; };
		D5CE6162219E3580001F7E3C /* FollowersVC.swift in Sources */ = {isa = PBXBuildFile; fileRef = D5CE6161219E3580001F7E3C /* FollowersVC.swift */; };
		D5CE6170219E4090001F7E3C /* EventCVCell.swift in Sources */ = {isa = PBXBuildFile; fileRef = D5CE616A219E408F001F7E3C /* EventCVCell.swift */; };
		D5CE6171219E4090001F7E3C /* MultimediaCVCell.swift in Sources */ = {isa = PBXBuildFile; fileRef = D5CE616B219E408F001F7E3C /* MultimediaCVCell.swift */; };
		D5CE6172219E4090001F7E3C /* OrganizerCVCell.swift in Sources */ = {isa = PBXBuildFile; fileRef = D5CE616C219E4090001F7E3C /* OrganizerCVCell.swift */; };
		D5CE6173219E4090001F7E3C /* InterestCVCell.swift in Sources */ = {isa = PBXBuildFile; fileRef = D5CE616D219E4090001F7E3C /* InterestCVCell.swift */; };
		D5CE6174219E4090001F7E3C /* TagCVCell.swift in Sources */ = {isa = PBXBuildFile; fileRef = D5CE616E219E4090001F7E3C /* TagCVCell.swift */; };
		D5CE6175219E4090001F7E3C /* RecentPublicationsCVCell.swift in Sources */ = {isa = PBXBuildFile; fileRef = D5CE616F219E4090001F7E3C /* RecentPublicationsCVCell.swift */; };
		D5D14629214D75E5005C2FC5 /* StringExtensions.swift in Sources */ = {isa = PBXBuildFile; fileRef = D5D14628214D75E5005C2FC5 /* StringExtensions.swift */; };
		D5D1462B214D7A0F005C2FC5 /* UITextFieldExtensions.swift in Sources */ = {isa = PBXBuildFile; fileRef = D5D1462A214D7A0F005C2FC5 /* UITextFieldExtensions.swift */; };
		D5D1462D214D7CC5005C2FC5 /* UIImageExtension.swift in Sources */ = {isa = PBXBuildFile; fileRef = D5D1462C214D7CC5005C2FC5 /* UIImageExtension.swift */; };
		D5D14632214D8505005C2FC5 /* Localizable.strings in Resources */ = {isa = PBXBuildFile; fileRef = D5D14634214D8505005C2FC5 /* Localizable.strings */; };
		D5D14637214D8BE6005C2FC5 /* RegisterVC.swift in Sources */ = {isa = PBXBuildFile; fileRef = D5D14636214D8BE6005C2FC5 /* RegisterVC.swift */; };
		D5D1463C214DBE33005C2FC5 /* Avenir Next Condensed.ttc in Resources */ = {isa = PBXBuildFile; fileRef = D5D1463A214DBE21005C2FC5 /* Avenir Next Condensed.ttc */; };
		D5D1463D214DBE33005C2FC5 /* Avenir Next.ttc in Resources */ = {isa = PBXBuildFile; fileRef = D5D1463B214DBE21005C2FC5 /* Avenir Next.ttc */; };
		D5D1463E214DBE33005C2FC5 /* Avenir.ttc in Resources */ = {isa = PBXBuildFile; fileRef = D5D14639214DBE21005C2FC5 /* Avenir.ttc */; };
		D5D14640214DC1E3005C2FC5 /* WegautColors.swift in Sources */ = {isa = PBXBuildFile; fileRef = D5D1463F214DC1E3005C2FC5 /* WegautColors.swift */; };
		D5D14642214E34C4005C2FC5 /* UIViewExtensions.swift in Sources */ = {isa = PBXBuildFile; fileRef = D5D14641214E34C4005C2FC5 /* UIViewExtensions.swift */; };
		D5D14644214E5060005C2FC5 /* SelectInterestsVC.swift in Sources */ = {isa = PBXBuildFile; fileRef = D5D14643214E5060005C2FC5 /* SelectInterestsVC.swift */; };
		D5D1464A214E5420005C2FC5 /* UIImageViewExtensions.swift in Sources */ = {isa = PBXBuildFile; fileRef = D5D14649214E5420005C2FC5 /* UIImageViewExtensions.swift */; };
		D5D14656214EA866005C2FC5 /* Tag.swift in Sources */ = {isa = PBXBuildFile; fileRef = D5D1464B214EA864005C2FC5 /* Tag.swift */; };
		D5D14658214EA866005C2FC5 /* Event.swift in Sources */ = {isa = PBXBuildFile; fileRef = D5D1464D214EA864005C2FC5 /* Event.swift */; };
		D5D14659214EA866005C2FC5 /* Organizer.swift in Sources */ = {isa = PBXBuildFile; fileRef = D5D1464E214EA865005C2FC5 /* Organizer.swift */; };
		D5D1465A214EA866005C2FC5 /* SettingsOption.swift in Sources */ = {isa = PBXBuildFile; fileRef = D5D1464F214EA865005C2FC5 /* SettingsOption.swift */; };
		D5D1465B214EA866005C2FC5 /* Sponsorship.swift in Sources */ = {isa = PBXBuildFile; fileRef = D5D14650214EA865005C2FC5 /* Sponsorship.swift */; };
		D5D1465C214EA866005C2FC5 /* Multimedia.swift in Sources */ = {isa = PBXBuildFile; fileRef = D5D14651214EA865005C2FC5 /* Multimedia.swift */; };
		D5D1465D214EA866005C2FC5 /* DropDownOption.swift in Sources */ = {isa = PBXBuildFile; fileRef = D5D14652214EA865005C2FC5 /* DropDownOption.swift */; };
		D5D1465E214EA866005C2FC5 /* Publication.swift in Sources */ = {isa = PBXBuildFile; fileRef = D5D14653214EA865005C2FC5 /* Publication.swift */; };
		D5D1465F214EA866005C2FC5 /* Comment.swift in Sources */ = {isa = PBXBuildFile; fileRef = D5D14654214EA865005C2FC5 /* Comment.swift */; };
		D5D14660214EA866005C2FC5 /* User.swift in Sources */ = {isa = PBXBuildFile; fileRef = D5D14655214EA865005C2FC5 /* User.swift */; };
		D5D14664214EA882005C2FC5 /* FORFooterSearchResults.swift in Sources */ = {isa = PBXBuildFile; fileRef = D5D14661214EA881005C2FC5 /* FORFooterSearchResults.swift */; };
		D5D14665214EA882005C2FC5 /* FORPopUpView.swift in Sources */ = {isa = PBXBuildFile; fileRef = D5D14662214EA881005C2FC5 /* FORPopUpView.swift */; };
		D5D14666214EA882005C2FC5 /* FORView.swift in Sources */ = {isa = PBXBuildFile; fileRef = D5D14663214EA882005C2FC5 /* FORView.swift */; };
		D5D1468E214EA94D005C2FC5 /* EventAddressTVCell.swift in Sources */ = {isa = PBXBuildFile; fileRef = D5D14688214EA94D005C2FC5 /* EventAddressTVCell.swift */; };
		D5D1468F214EA94D005C2FC5 /* EventDetailTVCell.swift in Sources */ = {isa = PBXBuildFile; fileRef = D5D14689214EA94D005C2FC5 /* EventDetailTVCell.swift */; };
		D5D14690214EA94D005C2FC5 /* CommentTVCell.swift in Sources */ = {isa = PBXBuildFile; fileRef = D5D1468A214EA94D005C2FC5 /* CommentTVCell.swift */; };
		D5D14691214EA94D005C2FC5 /* CommentsTVCell.swift in Sources */ = {isa = PBXBuildFile; fileRef = D5D1468B214EA94D005C2FC5 /* CommentsTVCell.swift */; };
		D5D14692214EA94D005C2FC5 /* EventFeedTVCell.swift in Sources */ = {isa = PBXBuildFile; fileRef = D5D1468C214EA94D005C2FC5 /* EventFeedTVCell.swift */; };
		D5D14693214EA94D005C2FC5 /* OrganizersTVCell.swift in Sources */ = {isa = PBXBuildFile; fileRef = D5D1468D214EA94D005C2FC5 /* OrganizersTVCell.swift */; };
		D5D14698214EA958005C2FC5 /* RecentCommentTVCell.swift in Sources */ = {isa = PBXBuildFile; fileRef = D5D14694214EA958005C2FC5 /* RecentCommentTVCell.swift */; };
		D5D14699214EA958005C2FC5 /* RecentPublicationsTVCell.swift in Sources */ = {isa = PBXBuildFile; fileRef = D5D14695214EA958005C2FC5 /* RecentPublicationsTVCell.swift */; };
		D5D1469A214EA958005C2FC5 /* MainInfoTVCell.swift in Sources */ = {isa = PBXBuildFile; fileRef = D5D14696214EA958005C2FC5 /* MainInfoTVCell.swift */; };
		D5D1469B214EA958005C2FC5 /* RecentCommentsTVCell.swift in Sources */ = {isa = PBXBuildFile; fileRef = D5D14697214EA958005C2FC5 /* RecentCommentsTVCell.swift */; };
		D5D1469D214EA960005C2FC5 /* EventCountdownTVCell.swift in Sources */ = {isa = PBXBuildFile; fileRef = D5D1469C214EA960005C2FC5 /* EventCountdownTVCell.swift */; };
		D5D146A1214EA968005C2FC5 /* NotificationEventTVCell.swift in Sources */ = {isa = PBXBuildFile; fileRef = D5D1469E214EA968005C2FC5 /* NotificationEventTVCell.swift */; };
		D5D146A2214EA968005C2FC5 /* NotificationFollowTVCell.swift in Sources */ = {isa = PBXBuildFile; fileRef = D5D1469F214EA968005C2FC5 /* NotificationFollowTVCell.swift */; };
		D5D146A3214EA968005C2FC5 /* NotificationBadgeTVCell.swift in Sources */ = {isa = PBXBuildFile; fileRef = D5D146A0214EA968005C2FC5 /* NotificationBadgeTVCell.swift */; };
		D5D146A6214EA971005C2FC5 /* DropDownTVCell.swift in Sources */ = {isa = PBXBuildFile; fileRef = D5D146A4214EA971005C2FC5 /* DropDownTVCell.swift */; };
		D5D146A7214EA971005C2FC5 /* SettingsTVCell.swift in Sources */ = {isa = PBXBuildFile; fileRef = D5D146A5214EA971005C2FC5 /* SettingsTVCell.swift */; };
		D5D146B4214EA9B9005C2FC5 /* WalkThroughPVC.swift in Sources */ = {isa = PBXBuildFile; fileRef = D5D146B1214EA9B9005C2FC5 /* WalkThroughPVC.swift */; };
		D5D146B5214EA9B9005C2FC5 /* WalkThroughContentVC.swift in Sources */ = {isa = PBXBuildFile; fileRef = D5D146B2214EA9B9005C2FC5 /* WalkThroughContentVC.swift */; };
		D5D146B6214EA9B9005C2FC5 /* WalkThroughVC.swift in Sources */ = {isa = PBXBuildFile; fileRef = D5D146B3214EA9B9005C2FC5 /* WalkThroughVC.swift */; };
		D5D146BC214EA9D0005C2FC5 /* EventFeedDetailVC.swift in Sources */ = {isa = PBXBuildFile; fileRef = D5D146B8214EA9D0005C2FC5 /* EventFeedDetailVC.swift */; };
		D5D146BD214EA9D0005C2FC5 /* AddNewEventVC.swift in Sources */ = {isa = PBXBuildFile; fileRef = D5D146B9214EA9D0005C2FC5 /* AddNewEventVC.swift */; };
		D5D146BE214EA9D0005C2FC5 /* MoreCommentsVC.swift in Sources */ = {isa = PBXBuildFile; fileRef = D5D146BA214EA9D0005C2FC5 /* MoreCommentsVC.swift */; };
		D5D146BF214EA9D0005C2FC5 /* EventFeedVC.swift in Sources */ = {isa = PBXBuildFile; fileRef = D5D146BB214EA9D0005C2FC5 /* EventFeedVC.swift */; };
		D5D146D0214EAA45005C2FC5 /* EventTimelineVC.swift in Sources */ = {isa = PBXBuildFile; fileRef = D5D146CE214EAA45005C2FC5 /* EventTimelineVC.swift */; };
		D5D146D1214EAA45005C2FC5 /* MyEventsVC.swift in Sources */ = {isa = PBXBuildFile; fileRef = D5D146CF214EAA45005C2FC5 /* MyEventsVC.swift */; };
		D5D146D3214EAA4D005C2FC5 /* MyActivitiesVC.swift in Sources */ = {isa = PBXBuildFile; fileRef = D5D146D2214EAA4D005C2FC5 /* MyActivitiesVC.swift */; };
		D5D146DA214EAA58005C2FC5 /* DropDownDetailVC.swift in Sources */ = {isa = PBXBuildFile; fileRef = D5D146D4214EAA57005C2FC5 /* DropDownDetailVC.swift */; };
		D5D146DB214EAA58005C2FC5 /* EditProfileVC.swift in Sources */ = {isa = PBXBuildFile; fileRef = D5D146D5214EAA57005C2FC5 /* EditProfileVC.swift */; };
		D5D146DC214EAA58005C2FC5 /* SimpleDetailVC.swift in Sources */ = {isa = PBXBuildFile; fileRef = D5D146D6214EAA57005C2FC5 /* SimpleDetailVC.swift */; };
		D5D146DD214EAA58005C2FC5 /* ProfileVC.swift in Sources */ = {isa = PBXBuildFile; fileRef = D5D146D7214EAA57005C2FC5 /* ProfileVC.swift */; };
		D5D146DE214EAA58005C2FC5 /* MyBadgesVC.swift in Sources */ = {isa = PBXBuildFile; fileRef = D5D146D8214EAA58005C2FC5 /* MyBadgesVC.swift */; };
		D5D146DF214EAA58005C2FC5 /* SettingsVC.swift in Sources */ = {isa = PBXBuildFile; fileRef = D5D146D9214EAA58005C2FC5 /* SettingsVC.swift */; };
		D5D146E2214EAA79005C2FC5 /* MFMailComposeViewControllerExtension.swift in Sources */ = {isa = PBXBuildFile; fileRef = D5D146E0214EAA79005C2FC5 /* MFMailComposeViewControllerExtension.swift */; };
		D5D146E3214EAA79005C2FC5 /* NSMutableAttributedStringExtensions.swift in Sources */ = {isa = PBXBuildFile; fileRef = D5D146E1214EAA79005C2FC5 /* NSMutableAttributedStringExtensions.swift */; };
		D5D146E5214EAA9C005C2FC5 /* Onboarding.storyboard in Resources */ = {isa = PBXBuildFile; fileRef = D5D146E4214EAA9B005C2FC5 /* Onboarding.storyboard */; };
		D5D146E7214EAAA3005C2FC5 /* AddNewEvent.storyboard in Resources */ = {isa = PBXBuildFile; fileRef = D5D146E6214EAAA3005C2FC5 /* AddNewEvent.storyboard */; };
		D5D146E9214EAAD0005C2FC5 /* Main.storyboard in Resources */ = {isa = PBXBuildFile; fileRef = D5D146E8214EAAD0005C2FC5 /* Main.storyboard */; };
		D5D4AFFF21535EDE0033317E /* NSAttributedStringExtensions.swift in Sources */ = {isa = PBXBuildFile; fileRef = D5D4AFFE21535EDE0033317E /* NSAttributedStringExtensions.swift */; };
		D5D4B00121537B6C0033317E /* EventInfoTVCell.swift in Sources */ = {isa = PBXBuildFile; fileRef = D5D4B00021537B6C0033317E /* EventInfoTVCell.swift */; };
		D5DF805A21A63A03002BD91F /* FollowersTVCell.swift in Sources */ = {isa = PBXBuildFile; fileRef = D5DF805921A63A03002BD91F /* FollowersTVCell.swift */; };
		D5E20EDC21478B390099C1BD /* AppDelegate.swift in Sources */ = {isa = PBXBuildFile; fileRef = D5E20EDB21478B390099C1BD /* AppDelegate.swift */; };
		D5E20EE321478B3A0099C1BD /* Assets.xcassets in Resources */ = {isa = PBXBuildFile; fileRef = D5E20EE221478B3A0099C1BD /* Assets.xcassets */; };
		D5E20EE621478B3A0099C1BD /* LaunchScreen.storyboard in Resources */ = {isa = PBXBuildFile; fileRef = D5E20EE421478B3A0099C1BD /* LaunchScreen.storyboard */; };
		D5E78F382162A2BE001E17D1 /* WelcomeVC.swift in Sources */ = {isa = PBXBuildFile; fileRef = D5E78F372162A2BE001E17D1 /* WelcomeVC.swift */; };
		D5E78F3A2162B287001E17D1 /* ForgotPasswordVC.swift in Sources */ = {isa = PBXBuildFile; fileRef = D5E78F392162B287001E17D1 /* ForgotPasswordVC.swift */; };
		D5EA5461219C9FAA0048CFED /* MultimediaTVCell.swift in Sources */ = {isa = PBXBuildFile; fileRef = D5EA5460219C9FAA0048CFED /* MultimediaTVCell.swift */; };
		D5EA546F219D1A170048CFED /* NoConnection.xib in Resources */ = {isa = PBXBuildFile; fileRef = D5EA546E219D1A170048CFED /* NoConnection.xib */; };
		D5EBD478214982D700FEEBA4 /* Login.storyboard in Resources */ = {isa = PBXBuildFile; fileRef = D5EBD477214982D700FEEBA4 /* Login.storyboard */; };
		D5F198EC21AF1C9C0082DE73 /* FORAndroidTextfield.swift in Sources */ = {isa = PBXBuildFile; fileRef = D5F198EB21AF1C9B0082DE73 /* FORAndroidTextfield.swift */; };
		D5F198EE21B063930082DE73 /* NewEventMainInfoVC.swift in Sources */ = {isa = PBXBuildFile; fileRef = D5F198ED21B063930082DE73 /* NewEventMainInfoVC.swift */; };
		D5F198F021B0643D0082DE73 /* NewEventOtherInfoVC.swift in Sources */ = {isa = PBXBuildFile; fileRef = D5F198EF21B0643D0082DE73 /* NewEventOtherInfoVC.swift */; };
		FE40079A69015558E74B20D1 /* Pods_Wegaut.framework in Frameworks */ = {isa = PBXBuildFile; fileRef = F20B586DBD618B83A078F86C /* Pods_Wegaut.framework */; };
/* End PBXBuildFile section */

/* Begin PBXFileReference section */
		0CC4F014C17B7E4E6E4CC7B0 /* Pods-WegautUITests.release.xcconfig */ = {isa = PBXFileReference; includeInIndex = 1; lastKnownFileType = text.xcconfig; name = "Pods-WegautUITests.release.xcconfig"; path = "Pods/Target Support Files/Pods-WegautUITests/Pods-WegautUITests.release.xcconfig"; sourceTree = "<group>"; };
		17F33DD3A31A7DA1D3DC907C /* Pods-WegautUITests.debug.xcconfig */ = {isa = PBXFileReference; includeInIndex = 1; lastKnownFileType = text.xcconfig; name = "Pods-WegautUITests.debug.xcconfig"; path = "Pods/Target Support Files/Pods-WegautUITests/Pods-WegautUITests.debug.xcconfig"; sourceTree = "<group>"; };
		1AA6765B6664F7C90B601730 /* Pods-WegautTests.release.xcconfig */ = {isa = PBXFileReference; includeInIndex = 1; lastKnownFileType = text.xcconfig; name = "Pods-WegautTests.release.xcconfig"; path = "Pods/Target Support Files/Pods-WegautTests/Pods-WegautTests.release.xcconfig"; sourceTree = "<group>"; };
		59A79B15224711D900D82A09 /* MyBadgesPVC.swift */ = {isa = PBXFileReference; lastKnownFileType = sourcecode.swift; path = MyBadgesPVC.swift; sourceTree = "<group>"; };
		59A79B17224711FC00D82A09 /* MyBadgesContainerVC.swift */ = {isa = PBXFileReference; lastKnownFileType = sourcecode.swift; path = MyBadgesContainerVC.swift; sourceTree = "<group>"; };
		59A79B1C22472A1800D82A09 /* BadgeCVCell.swift */ = {isa = PBXFileReference; lastKnownFileType = sourcecode.swift; path = BadgeCVCell.swift; sourceTree = "<group>"; };
		70EC62B6E2DF73A38F3A4B44 /* Pods_WegautTests.framework */ = {isa = PBXFileReference; explicitFileType = wrapper.framework; includeInIndex = 0; path = Pods_WegautTests.framework; sourceTree = BUILT_PRODUCTS_DIR; };
		BAE21DFAFE1FC24330F5A26F /* Pods_WegautUITests.framework */ = {isa = PBXFileReference; explicitFileType = wrapper.framework; includeInIndex = 0; path = Pods_WegautUITests.framework; sourceTree = BUILT_PRODUCTS_DIR; };
		C0B5A281DCD7ED4346D02AA6 /* Pods-Wegaut.debug.xcconfig */ = {isa = PBXFileReference; includeInIndex = 1; lastKnownFileType = text.xcconfig; name = "Pods-Wegaut.debug.xcconfig"; path = "Pods/Target Support Files/Pods-Wegaut/Pods-Wegaut.debug.xcconfig"; sourceTree = "<group>"; };
		CE1C11ED81BD8501D3A1D65A /* Pods-WegautTests.debug.xcconfig */ = {isa = PBXFileReference; includeInIndex = 1; lastKnownFileType = text.xcconfig; name = "Pods-WegautTests.debug.xcconfig"; path = "Pods/Target Support Files/Pods-WegautTests/Pods-WegautTests.debug.xcconfig"; sourceTree = "<group>"; };
		D52A5E57220BC35900849266 /* GoogleService-Info.plist */ = {isa = PBXFileReference; fileEncoding = 4; lastKnownFileType = text.plist.xml; path = "GoogleService-Info.plist"; sourceTree = "<group>"; };
		D52CB3EB214AD284007C58D2 /* WegautConstants.swift */ = {isa = PBXFileReference; lastKnownFileType = sourcecode.swift; path = WegautConstants.swift; sourceTree = "<group>"; };
		D52CB3EE214AD40C007C58D2 /* UIViewControllerExtensions.swift */ = {isa = PBXFileReference; lastKnownFileType = sourcecode.swift; path = UIViewControllerExtensions.swift; sourceTree = "<group>"; };
		D53E120921FF821E000552BC /* UIDeviceExtensions.swift */ = {isa = PBXFileReference; lastKnownFileType = sourcecode.swift; path = UIDeviceExtensions.swift; sourceTree = "<group>"; };
		D55CC4A221C041D1000A1C43 /* NewOrganizerTVCell.swift */ = {isa = PBXFileReference; lastKnownFileType = sourcecode.swift; path = NewOrganizerTVCell.swift; sourceTree = "<group>"; };
		D55CC4A421C041E4000A1C43 /* NewSponsorTVCell.swift */ = {isa = PBXFileReference; lastKnownFileType = sourcecode.swift; path = NewSponsorTVCell.swift; sourceTree = "<group>"; };
		D55CC4A621C04201000A1C43 /* WebEventTVCell.swift */ = {isa = PBXFileReference; lastKnownFileType = sourcecode.swift; path = WebEventTVCell.swift; sourceTree = "<group>"; };
		D55CC4A821C04269000A1C43 /* NewMultimediaTVCell.swift */ = {isa = PBXFileReference; lastKnownFileType = sourcecode.swift; path = NewMultimediaTVCell.swift; sourceTree = "<group>"; };
		D55CC4AA21C04277000A1C43 /* NewTagTVCell.swift */ = {isa = PBXFileReference; lastKnownFileType = sourcecode.swift; path = NewTagTVCell.swift; sourceTree = "<group>"; };
		D55CC4AD21C042A2000A1C43 /* NewOrganizerCVCell.swift */ = {isa = PBXFileReference; lastKnownFileType = sourcecode.swift; path = NewOrganizerCVCell.swift; sourceTree = "<group>"; };
		D55CC4AF21C042B1000A1C43 /* NewSponsorCVCell.swift */ = {isa = PBXFileReference; lastKnownFileType = sourcecode.swift; path = NewSponsorCVCell.swift; sourceTree = "<group>"; };
		D55CC4B121C042C2000A1C43 /* NewMultimediaCVCell.swift */ = {isa = PBXFileReference; lastKnownFileType = sourcecode.swift; path = NewMultimediaCVCell.swift; sourceTree = "<group>"; };
		D55CC4B321C042D6000A1C43 /* NewTagCVCell.swift */ = {isa = PBXFileReference; lastKnownFileType = sourcecode.swift; path = NewTagCVCell.swift; sourceTree = "<group>"; };
		D55CC4B521C05A90000A1C43 /* PlaceTVCell.swift */ = {isa = PBXFileReference; lastKnownFileType = sourcecode.swift; path = PlaceTVCell.swift; sourceTree = "<group>"; };
		D5A7710D2200D66900F49D06 /* EventAnnotation.swift */ = {isa = PBXFileReference; lastKnownFileType = sourcecode.swift; path = EventAnnotation.swift; sourceTree = "<group>"; };
		D5BCEE7A219B60C5003428C9 /* FORButton.swift */ = {isa = PBXFileReference; fileEncoding = 4; lastKnownFileType = sourcecode.swift; path = FORButton.swift; sourceTree = "<group>"; };
		D5C8BB2E22022E550028F4CB /* MapKit.framework */ = {isa = PBXFileReference; lastKnownFileType = wrapper.framework; name = MapKit.framework; path = System/Library/Frameworks/MapKit.framework; sourceTree = SDKROOT; };
		D5CAD99521A75655002D2335 /* Activity.swift */ = {isa = PBXFileReference; lastKnownFileType = sourcecode.swift; path = Activity.swift; sourceTree = "<group>"; };
		D5CAD99721A761FE002D2335 /* Level.swift */ = {isa = PBXFileReference; lastKnownFileType = sourcecode.swift; path = Level.swift; sourceTree = "<group>"; };
		D5CB94DD2149973D00009BCB /* LoginVC.swift */ = {isa = PBXFileReference; lastKnownFileType = sourcecode.swift; path = LoginVC.swift; sourceTree = "<group>"; };
		D5CE6161219E3580001F7E3C /* FollowersVC.swift */ = {isa = PBXFileReference; lastKnownFileType = sourcecode.swift; path = FollowersVC.swift; sourceTree = "<group>"; };
		D5CE616A219E408F001F7E3C /* EventCVCell.swift */ = {isa = PBXFileReference; fileEncoding = 4; lastKnownFileType = sourcecode.swift; path = EventCVCell.swift; sourceTree = "<group>"; };
		D5CE616B219E408F001F7E3C /* MultimediaCVCell.swift */ = {isa = PBXFileReference; fileEncoding = 4; lastKnownFileType = sourcecode.swift; path = MultimediaCVCell.swift; sourceTree = "<group>"; };
		D5CE616C219E4090001F7E3C /* OrganizerCVCell.swift */ = {isa = PBXFileReference; fileEncoding = 4; lastKnownFileType = sourcecode.swift; path = OrganizerCVCell.swift; sourceTree = "<group>"; };
		D5CE616D219E4090001F7E3C /* InterestCVCell.swift */ = {isa = PBXFileReference; fileEncoding = 4; lastKnownFileType = sourcecode.swift; path = InterestCVCell.swift; sourceTree = "<group>"; };
		D5CE616E219E4090001F7E3C /* TagCVCell.swift */ = {isa = PBXFileReference; fileEncoding = 4; lastKnownFileType = sourcecode.swift; path = TagCVCell.swift; sourceTree = "<group>"; };
		D5CE616F219E4090001F7E3C /* RecentPublicationsCVCell.swift */ = {isa = PBXFileReference; fileEncoding = 4; lastKnownFileType = sourcecode.swift; path = RecentPublicationsCVCell.swift; sourceTree = "<group>"; };
		D5D14628214D75E5005C2FC5 /* StringExtensions.swift */ = {isa = PBXFileReference; fileEncoding = 4; lastKnownFileType = sourcecode.swift; path = StringExtensions.swift; sourceTree = "<group>"; };
		D5D1462A214D7A0F005C2FC5 /* UITextFieldExtensions.swift */ = {isa = PBXFileReference; fileEncoding = 4; lastKnownFileType = sourcecode.swift; path = UITextFieldExtensions.swift; sourceTree = "<group>"; };
		D5D1462C214D7CC5005C2FC5 /* UIImageExtension.swift */ = {isa = PBXFileReference; fileEncoding = 4; lastKnownFileType = sourcecode.swift; path = UIImageExtension.swift; sourceTree = "<group>"; };
		D5D14630214D84E6005C2FC5 /* es */ = {isa = PBXFileReference; lastKnownFileType = text.plist.strings; name = es; path = es.lproj/LaunchScreen.strings; sourceTree = "<group>"; };
		D5D14633214D8505005C2FC5 /* en */ = {isa = PBXFileReference; lastKnownFileType = text.plist.strings; name = en; path = en.lproj/Localizable.strings; sourceTree = "<group>"; };
		D5D14635214D850A005C2FC5 /* es */ = {isa = PBXFileReference; lastKnownFileType = text.plist.strings; name = es; path = es.lproj/Localizable.strings; sourceTree = "<group>"; };
		D5D14636214D8BE6005C2FC5 /* RegisterVC.swift */ = {isa = PBXFileReference; lastKnownFileType = sourcecode.swift; path = RegisterVC.swift; sourceTree = "<group>"; };
		D5D14639214DBE21005C2FC5 /* Avenir.ttc */ = {isa = PBXFileReference; lastKnownFileType = file; path = Avenir.ttc; sourceTree = "<group>"; };
		D5D1463A214DBE21005C2FC5 /* Avenir Next Condensed.ttc */ = {isa = PBXFileReference; lastKnownFileType = file; path = "Avenir Next Condensed.ttc"; sourceTree = "<group>"; };
		D5D1463B214DBE21005C2FC5 /* Avenir Next.ttc */ = {isa = PBXFileReference; lastKnownFileType = file; path = "Avenir Next.ttc"; sourceTree = "<group>"; };
		D5D1463F214DC1E3005C2FC5 /* WegautColors.swift */ = {isa = PBXFileReference; lastKnownFileType = sourcecode.swift; path = WegautColors.swift; sourceTree = "<group>"; };
		D5D14641214E34C4005C2FC5 /* UIViewExtensions.swift */ = {isa = PBXFileReference; fileEncoding = 4; lastKnownFileType = sourcecode.swift; path = UIViewExtensions.swift; sourceTree = "<group>"; };
		D5D14643214E5060005C2FC5 /* SelectInterestsVC.swift */ = {isa = PBXFileReference; lastKnownFileType = sourcecode.swift; path = SelectInterestsVC.swift; sourceTree = "<group>"; };
		D5D14649214E5420005C2FC5 /* UIImageViewExtensions.swift */ = {isa = PBXFileReference; lastKnownFileType = sourcecode.swift; path = UIImageViewExtensions.swift; sourceTree = "<group>"; };
		D5D1464B214EA864005C2FC5 /* Tag.swift */ = {isa = PBXFileReference; fileEncoding = 4; lastKnownFileType = sourcecode.swift; path = Tag.swift; sourceTree = "<group>"; };
		D5D1464D214EA864005C2FC5 /* Event.swift */ = {isa = PBXFileReference; fileEncoding = 4; lastKnownFileType = sourcecode.swift; path = Event.swift; sourceTree = "<group>"; };
		D5D1464E214EA865005C2FC5 /* Organizer.swift */ = {isa = PBXFileReference; fileEncoding = 4; lastKnownFileType = sourcecode.swift; path = Organizer.swift; sourceTree = "<group>"; };
		D5D1464F214EA865005C2FC5 /* SettingsOption.swift */ = {isa = PBXFileReference; fileEncoding = 4; lastKnownFileType = sourcecode.swift; path = SettingsOption.swift; sourceTree = "<group>"; };
		D5D14650214EA865005C2FC5 /* Sponsorship.swift */ = {isa = PBXFileReference; fileEncoding = 4; lastKnownFileType = sourcecode.swift; path = Sponsorship.swift; sourceTree = "<group>"; };
		D5D14651214EA865005C2FC5 /* Multimedia.swift */ = {isa = PBXFileReference; fileEncoding = 4; lastKnownFileType = sourcecode.swift; path = Multimedia.swift; sourceTree = "<group>"; };
		D5D14652214EA865005C2FC5 /* DropDownOption.swift */ = {isa = PBXFileReference; fileEncoding = 4; lastKnownFileType = sourcecode.swift; path = DropDownOption.swift; sourceTree = "<group>"; };
		D5D14653214EA865005C2FC5 /* Publication.swift */ = {isa = PBXFileReference; fileEncoding = 4; lastKnownFileType = sourcecode.swift; path = Publication.swift; sourceTree = "<group>"; };
		D5D14654214EA865005C2FC5 /* Comment.swift */ = {isa = PBXFileReference; fileEncoding = 4; lastKnownFileType = sourcecode.swift; name = Comment.swift; path = ../../../Comment.swift; sourceTree = "<group>"; };
		D5D14655214EA865005C2FC5 /* User.swift */ = {isa = PBXFileReference; fileEncoding = 4; lastKnownFileType = sourcecode.swift; path = User.swift; sourceTree = "<group>"; };
		D5D14661214EA881005C2FC5 /* FORFooterSearchResults.swift */ = {isa = PBXFileReference; fileEncoding = 4; lastKnownFileType = sourcecode.swift; path = FORFooterSearchResults.swift; sourceTree = "<group>"; };
		D5D14662214EA881005C2FC5 /* FORPopUpView.swift */ = {isa = PBXFileReference; fileEncoding = 4; lastKnownFileType = sourcecode.swift; path = FORPopUpView.swift; sourceTree = "<group>"; };
		D5D14663214EA882005C2FC5 /* FORView.swift */ = {isa = PBXFileReference; fileEncoding = 4; lastKnownFileType = sourcecode.swift; path = FORView.swift; sourceTree = "<group>"; };
		D5D14688214EA94D005C2FC5 /* EventAddressTVCell.swift */ = {isa = PBXFileReference; fileEncoding = 4; lastKnownFileType = sourcecode.swift; path = EventAddressTVCell.swift; sourceTree = "<group>"; };
		D5D14689214EA94D005C2FC5 /* EventDetailTVCell.swift */ = {isa = PBXFileReference; fileEncoding = 4; lastKnownFileType = sourcecode.swift; path = EventDetailTVCell.swift; sourceTree = "<group>"; };
		D5D1468A214EA94D005C2FC5 /* CommentTVCell.swift */ = {isa = PBXFileReference; fileEncoding = 4; lastKnownFileType = sourcecode.swift; path = CommentTVCell.swift; sourceTree = "<group>"; };
		D5D1468B214EA94D005C2FC5 /* CommentsTVCell.swift */ = {isa = PBXFileReference; fileEncoding = 4; lastKnownFileType = sourcecode.swift; path = CommentsTVCell.swift; sourceTree = "<group>"; };
		D5D1468C214EA94D005C2FC5 /* EventFeedTVCell.swift */ = {isa = PBXFileReference; fileEncoding = 4; lastKnownFileType = sourcecode.swift; path = EventFeedTVCell.swift; sourceTree = "<group>"; };
		D5D1468D214EA94D005C2FC5 /* OrganizersTVCell.swift */ = {isa = PBXFileReference; fileEncoding = 4; lastKnownFileType = sourcecode.swift; path = OrganizersTVCell.swift; sourceTree = "<group>"; };
		D5D14694214EA958005C2FC5 /* RecentCommentTVCell.swift */ = {isa = PBXFileReference; fileEncoding = 4; lastKnownFileType = sourcecode.swift; path = RecentCommentTVCell.swift; sourceTree = "<group>"; };
		D5D14695214EA958005C2FC5 /* RecentPublicationsTVCell.swift */ = {isa = PBXFileReference; fileEncoding = 4; lastKnownFileType = sourcecode.swift; path = RecentPublicationsTVCell.swift; sourceTree = "<group>"; };
		D5D14696214EA958005C2FC5 /* MainInfoTVCell.swift */ = {isa = PBXFileReference; fileEncoding = 4; lastKnownFileType = sourcecode.swift; path = MainInfoTVCell.swift; sourceTree = "<group>"; };
		D5D14697214EA958005C2FC5 /* RecentCommentsTVCell.swift */ = {isa = PBXFileReference; fileEncoding = 4; lastKnownFileType = sourcecode.swift; path = RecentCommentsTVCell.swift; sourceTree = "<group>"; };
		D5D1469C214EA960005C2FC5 /* EventCountdownTVCell.swift */ = {isa = PBXFileReference; fileEncoding = 4; lastKnownFileType = sourcecode.swift; path = EventCountdownTVCell.swift; sourceTree = "<group>"; };
		D5D1469E214EA968005C2FC5 /* NotificationEventTVCell.swift */ = {isa = PBXFileReference; fileEncoding = 4; lastKnownFileType = sourcecode.swift; path = NotificationEventTVCell.swift; sourceTree = "<group>"; };
		D5D1469F214EA968005C2FC5 /* NotificationFollowTVCell.swift */ = {isa = PBXFileReference; fileEncoding = 4; lastKnownFileType = sourcecode.swift; path = NotificationFollowTVCell.swift; sourceTree = "<group>"; };
		D5D146A0214EA968005C2FC5 /* NotificationBadgeTVCell.swift */ = {isa = PBXFileReference; fileEncoding = 4; lastKnownFileType = sourcecode.swift; path = NotificationBadgeTVCell.swift; sourceTree = "<group>"; };
		D5D146A4214EA971005C2FC5 /* DropDownTVCell.swift */ = {isa = PBXFileReference; fileEncoding = 4; lastKnownFileType = sourcecode.swift; path = DropDownTVCell.swift; sourceTree = "<group>"; };
		D5D146A5214EA971005C2FC5 /* SettingsTVCell.swift */ = {isa = PBXFileReference; fileEncoding = 4; lastKnownFileType = sourcecode.swift; path = SettingsTVCell.swift; sourceTree = "<group>"; };
		D5D146B1214EA9B9005C2FC5 /* WalkThroughPVC.swift */ = {isa = PBXFileReference; fileEncoding = 4; lastKnownFileType = sourcecode.swift; path = WalkThroughPVC.swift; sourceTree = "<group>"; };
		D5D146B2214EA9B9005C2FC5 /* WalkThroughContentVC.swift */ = {isa = PBXFileReference; fileEncoding = 4; lastKnownFileType = sourcecode.swift; path = WalkThroughContentVC.swift; sourceTree = "<group>"; };
		D5D146B3214EA9B9005C2FC5 /* WalkThroughVC.swift */ = {isa = PBXFileReference; fileEncoding = 4; lastKnownFileType = sourcecode.swift; path = WalkThroughVC.swift; sourceTree = "<group>"; };
		D5D146B8214EA9D0005C2FC5 /* EventFeedDetailVC.swift */ = {isa = PBXFileReference; fileEncoding = 4; lastKnownFileType = sourcecode.swift; path = EventFeedDetailVC.swift; sourceTree = "<group>"; };
		D5D146B9214EA9D0005C2FC5 /* AddNewEventVC.swift */ = {isa = PBXFileReference; fileEncoding = 4; lastKnownFileType = sourcecode.swift; path = AddNewEventVC.swift; sourceTree = "<group>"; };
		D5D146BA214EA9D0005C2FC5 /* MoreCommentsVC.swift */ = {isa = PBXFileReference; fileEncoding = 4; lastKnownFileType = sourcecode.swift; path = MoreCommentsVC.swift; sourceTree = "<group>"; };
		D5D146BB214EA9D0005C2FC5 /* EventFeedVC.swift */ = {isa = PBXFileReference; fileEncoding = 4; lastKnownFileType = sourcecode.swift; path = EventFeedVC.swift; sourceTree = "<group>"; };
		D5D146CE214EAA45005C2FC5 /* EventTimelineVC.swift */ = {isa = PBXFileReference; fileEncoding = 4; lastKnownFileType = sourcecode.swift; path = EventTimelineVC.swift; sourceTree = "<group>"; };
		D5D146CF214EAA45005C2FC5 /* MyEventsVC.swift */ = {isa = PBXFileReference; fileEncoding = 4; lastKnownFileType = sourcecode.swift; path = MyEventsVC.swift; sourceTree = "<group>"; };
		D5D146D2214EAA4D005C2FC5 /* MyActivitiesVC.swift */ = {isa = PBXFileReference; fileEncoding = 4; lastKnownFileType = sourcecode.swift; path = MyActivitiesVC.swift; sourceTree = "<group>"; };
		D5D146D4214EAA57005C2FC5 /* DropDownDetailVC.swift */ = {isa = PBXFileReference; fileEncoding = 4; lastKnownFileType = sourcecode.swift; path = DropDownDetailVC.swift; sourceTree = "<group>"; };
		D5D146D5214EAA57005C2FC5 /* EditProfileVC.swift */ = {isa = PBXFileReference; fileEncoding = 4; lastKnownFileType = sourcecode.swift; path = EditProfileVC.swift; sourceTree = "<group>"; };
		D5D146D6214EAA57005C2FC5 /* SimpleDetailVC.swift */ = {isa = PBXFileReference; fileEncoding = 4; lastKnownFileType = sourcecode.swift; path = SimpleDetailVC.swift; sourceTree = "<group>"; };
		D5D146D7214EAA57005C2FC5 /* ProfileVC.swift */ = {isa = PBXFileReference; fileEncoding = 4; lastKnownFileType = sourcecode.swift; path = ProfileVC.swift; sourceTree = "<group>"; };
		D5D146D8214EAA58005C2FC5 /* MyBadgesVC.swift */ = {isa = PBXFileReference; fileEncoding = 4; lastKnownFileType = sourcecode.swift; path = MyBadgesVC.swift; sourceTree = "<group>"; };
		D5D146D9214EAA58005C2FC5 /* SettingsVC.swift */ = {isa = PBXFileReference; fileEncoding = 4; lastKnownFileType = sourcecode.swift; path = SettingsVC.swift; sourceTree = "<group>"; };
		D5D146E0214EAA79005C2FC5 /* MFMailComposeViewControllerExtension.swift */ = {isa = PBXFileReference; fileEncoding = 4; lastKnownFileType = sourcecode.swift; path = MFMailComposeViewControllerExtension.swift; sourceTree = "<group>"; };
		D5D146E1214EAA79005C2FC5 /* NSMutableAttributedStringExtensions.swift */ = {isa = PBXFileReference; fileEncoding = 4; lastKnownFileType = sourcecode.swift; path = NSMutableAttributedStringExtensions.swift; sourceTree = "<group>"; };
		D5D146E4214EAA9B005C2FC5 /* Onboarding.storyboard */ = {isa = PBXFileReference; fileEncoding = 4; lastKnownFileType = file.storyboard; path = Onboarding.storyboard; sourceTree = "<group>"; };
		D5D146E6214EAAA3005C2FC5 /* AddNewEvent.storyboard */ = {isa = PBXFileReference; fileEncoding = 4; lastKnownFileType = file.storyboard; path = AddNewEvent.storyboard; sourceTree = "<group>"; };
		D5D146E8214EAAD0005C2FC5 /* Main.storyboard */ = {isa = PBXFileReference; fileEncoding = 4; lastKnownFileType = file.storyboard; path = Main.storyboard; sourceTree = "<group>"; };
		D5D4AFFE21535EDE0033317E /* NSAttributedStringExtensions.swift */ = {isa = PBXFileReference; lastKnownFileType = sourcecode.swift; path = NSAttributedStringExtensions.swift; sourceTree = "<group>"; };
		D5D4B00021537B6C0033317E /* EventInfoTVCell.swift */ = {isa = PBXFileReference; lastKnownFileType = sourcecode.swift; path = EventInfoTVCell.swift; sourceTree = "<group>"; };
		D5DF805921A63A03002BD91F /* FollowersTVCell.swift */ = {isa = PBXFileReference; lastKnownFileType = sourcecode.swift; path = FollowersTVCell.swift; sourceTree = "<group>"; };
		D5E20ED821478B390099C1BD /* Wegaut.app */ = {isa = PBXFileReference; explicitFileType = wrapper.application; includeInIndex = 0; path = Wegaut.app; sourceTree = BUILT_PRODUCTS_DIR; };
		D5E20EDB21478B390099C1BD /* AppDelegate.swift */ = {isa = PBXFileReference; lastKnownFileType = sourcecode.swift; path = AppDelegate.swift; sourceTree = "<group>"; };
		D5E20EE221478B3A0099C1BD /* Assets.xcassets */ = {isa = PBXFileReference; lastKnownFileType = folder.assetcatalog; path = Assets.xcassets; sourceTree = "<group>"; };
		D5E20EE521478B3A0099C1BD /* Base */ = {isa = PBXFileReference; lastKnownFileType = file.storyboard; name = Base; path = Base.lproj/LaunchScreen.storyboard; sourceTree = "<group>"; };
		D5E20EE721478B3A0099C1BD /* Info.plist */ = {isa = PBXFileReference; lastKnownFileType = text.plist.xml; path = Info.plist; sourceTree = "<group>"; };
		D5E78F372162A2BE001E17D1 /* WelcomeVC.swift */ = {isa = PBXFileReference; lastKnownFileType = sourcecode.swift; path = WelcomeVC.swift; sourceTree = "<group>"; };
		D5E78F392162B287001E17D1 /* ForgotPasswordVC.swift */ = {isa = PBXFileReference; lastKnownFileType = sourcecode.swift; path = ForgotPasswordVC.swift; sourceTree = "<group>"; };
		D5EA5460219C9FAA0048CFED /* MultimediaTVCell.swift */ = {isa = PBXFileReference; lastKnownFileType = sourcecode.swift; path = MultimediaTVCell.swift; sourceTree = "<group>"; };
		D5EA546E219D1A170048CFED /* NoConnection.xib */ = {isa = PBXFileReference; lastKnownFileType = file.xib; path = NoConnection.xib; sourceTree = "<group>"; };
		D5EBD477214982D700FEEBA4 /* Login.storyboard */ = {isa = PBXFileReference; lastKnownFileType = file.storyboard; path = Login.storyboard; sourceTree = "<group>"; };
		D5F198EB21AF1C9B0082DE73 /* FORAndroidTextfield.swift */ = {isa = PBXFileReference; fileEncoding = 4; lastKnownFileType = sourcecode.swift; path = FORAndroidTextfield.swift; sourceTree = "<group>"; };
		D5F198ED21B063930082DE73 /* NewEventMainInfoVC.swift */ = {isa = PBXFileReference; lastKnownFileType = sourcecode.swift; path = NewEventMainInfoVC.swift; sourceTree = "<group>"; };
		D5F198EF21B0643D0082DE73 /* NewEventOtherInfoVC.swift */ = {isa = PBXFileReference; lastKnownFileType = sourcecode.swift; path = NewEventOtherInfoVC.swift; sourceTree = "<group>"; };
		DB3FED54A3E0347AEBF0EF23 /* Pods-Wegaut.release.xcconfig */ = {isa = PBXFileReference; includeInIndex = 1; lastKnownFileType = text.xcconfig; name = "Pods-Wegaut.release.xcconfig"; path = "Pods/Target Support Files/Pods-Wegaut/Pods-Wegaut.release.xcconfig"; sourceTree = "<group>"; };
		F20B586DBD618B83A078F86C /* Pods_Wegaut.framework */ = {isa = PBXFileReference; explicitFileType = wrapper.framework; includeInIndex = 0; path = Pods_Wegaut.framework; sourceTree = BUILT_PRODUCTS_DIR; };
/* End PBXFileReference section */

/* Begin PBXFrameworksBuildPhase section */
		D5E20ED521478B390099C1BD /* Frameworks */ = {
			isa = PBXFrameworksBuildPhase;
			buildActionMask = 2147483647;
			files = (
				D5C8BB2F22022E550028F4CB /* MapKit.framework in Frameworks */,
				FE40079A69015558E74B20D1 /* Pods_Wegaut.framework in Frameworks */,
			);
			runOnlyForDeploymentPostprocessing = 0;
		};
/* End PBXFrameworksBuildPhase section */

/* Begin PBXGroup section */
		574611AC459D2211D9DB98D6 /* Frameworks */ = {
			isa = PBXGroup;
			children = (
				D5C8BB2E22022E550028F4CB /* MapKit.framework */,
				F20B586DBD618B83A078F86C /* Pods_Wegaut.framework */,
				70EC62B6E2DF73A38F3A4B44 /* Pods_WegautTests.framework */,
				BAE21DFAFE1FC24330F5A26F /* Pods_WegautUITests.framework */,
			);
			name = Frameworks;
			sourceTree = "<group>";
		};
		59A79B192247121400D82A09 /* MyBadges */ = {
			isa = PBXGroup;
			children = (
				D5D146D8214EAA58005C2FC5 /* MyBadgesVC.swift */,
				59A79B15224711D900D82A09 /* MyBadgesPVC.swift */,
				59A79B17224711FC00D82A09 /* MyBadgesContainerVC.swift */,
			);
			path = MyBadges;
			sourceTree = "<group>";
		};
		C74A198167CC05101A5B83F6 /* Pods */ = {
			isa = PBXGroup;
			children = (
				C0B5A281DCD7ED4346D02AA6 /* Pods-Wegaut.debug.xcconfig */,
				DB3FED54A3E0347AEBF0EF23 /* Pods-Wegaut.release.xcconfig */,
				CE1C11ED81BD8501D3A1D65A /* Pods-WegautTests.debug.xcconfig */,
				1AA6765B6664F7C90B601730 /* Pods-WegautTests.release.xcconfig */,
				17F33DD3A31A7DA1D3DC907C /* Pods-WegautUITests.debug.xcconfig */,
				0CC4F014C17B7E4E6E4CC7B0 /* Pods-WegautUITests.release.xcconfig */,
			);
			name = Pods;
			sourceTree = "<group>";
		};
		D52E50E9216A8C9900B2AB6F /* No Connection */ = {
			isa = PBXGroup;
			children = (
			);
			path = "No Connection";
			sourceTree = "<group>";
		};
		D55CC4AC21C0427F000A1C43 /* NewEvent */ = {
			isa = PBXGroup;
			children = (
				D55CC4AD21C042A2000A1C43 /* NewOrganizerCVCell.swift */,
				D55CC4AF21C042B1000A1C43 /* NewSponsorCVCell.swift */,
				D55CC4B121C042C2000A1C43 /* NewMultimediaCVCell.swift */,
				D55CC4B321C042D6000A1C43 /* NewTagCVCell.swift */,
			);
			path = NewEvent;
			sourceTree = "<group>";
		};
		D57F8B37214790290001EE01 /* Extensions */ = {
			isa = PBXGroup;
			children = (
				D5D146E0214EAA79005C2FC5 /* MFMailComposeViewControllerExtension.swift */,
				D5D146E1214EAA79005C2FC5 /* NSMutableAttributedStringExtensions.swift */,
				D5D14628214D75E5005C2FC5 /* StringExtensions.swift */,
				D5D1462A214D7A0F005C2FC5 /* UITextFieldExtensions.swift */,
				D5D1462C214D7CC5005C2FC5 /* UIImageExtension.swift */,
				D5D14641214E34C4005C2FC5 /* UIViewExtensions.swift */,
				D52CB3EE214AD40C007C58D2 /* UIViewControllerExtensions.swift */,
				D5D14649214E5420005C2FC5 /* UIImageViewExtensions.swift */,
				D5D4AFFE21535EDE0033317E /* NSAttributedStringExtensions.swift */,
				D53E120921FF821E000552BC /* UIDeviceExtensions.swift */,
			);
			path = Extensions;
			sourceTree = "<group>";
		};
		D57F8B38214790400001EE01 /* Classes */ = {
			isa = PBXGroup;
			children = (
				D52CB3EB214AD284007C58D2 /* WegautConstants.swift */,
				D5D1463F214DC1E3005C2FC5 /* WegautColors.swift */,
				D5D14661214EA881005C2FC5 /* FORFooterSearchResults.swift */,
				D5D14662214EA881005C2FC5 /* FORPopUpView.swift */,
				D5D14663214EA882005C2FC5 /* FORView.swift */,
				D5BCEE7A219B60C5003428C9 /* FORButton.swift */,
				D5F198EB21AF1C9B0082DE73 /* FORAndroidTextfield.swift */,
				D5A7710D2200D66900F49D06 /* EventAnnotation.swift */,
			);
			path = Classes;
			sourceTree = "<group>";
		};
		D57F8B39214790480001EE01 /* DataModel */ = {
			isa = PBXGroup;
			children = (
				D5CAD99A21A77EEC002D2335 /* ENUMS */,
				D5CAD99921A77EE4002D2335 /* STRUCTS */,
			);
			path = DataModel;
			sourceTree = "<group>";
		};
		D57F8B3A214790510001EE01 /* Cells */ = {
			isa = PBXGroup;
			children = (
				D5CE6169219E4079001F7E3C /* CollectionViewCells */,
				D5D14667214EA88E005C2FC5 /* TableViewCells */,
			);
			path = Cells;
			sourceTree = "<group>";
		};
		D5CAD99921A77EE4002D2335 /* STRUCTS */ = {
			isa = PBXGroup;
			children = (
				D5D14655214EA865005C2FC5 /* User.swift */,
				D5D1464D214EA864005C2FC5 /* Event.swift */,
				D5D14654214EA865005C2FC5 /* Comment.swift */,
				D5D14651214EA865005C2FC5 /* Multimedia.swift */,
				D5D1464E214EA865005C2FC5 /* Organizer.swift */,
				D5D14650214EA865005C2FC5 /* Sponsorship.swift */,
				D5D14653214EA865005C2FC5 /* Publication.swift */,
				D5D14652214EA865005C2FC5 /* DropDownOption.swift */,
				D5D1464F214EA865005C2FC5 /* SettingsOption.swift */,
				D5D1464B214EA864005C2FC5 /* Tag.swift */,
				D5CAD99521A75655002D2335 /* Activity.swift */,
			);
			path = STRUCTS;
			sourceTree = "<group>";
		};
		D5CAD99A21A77EEC002D2335 /* ENUMS */ = {
			isa = PBXGroup;
			children = (
				D5CAD99721A761FE002D2335 /* Level.swift */,
			);
			path = ENUMS;
			sourceTree = "<group>";
		};
		D5CB94DC2149972900009BCB /* Login */ = {
			isa = PBXGroup;
			children = (
				D5E78F372162A2BE001E17D1 /* WelcomeVC.swift */,
				D5CB94DD2149973D00009BCB /* LoginVC.swift */,
				D5E78F392162B287001E17D1 /* ForgotPasswordVC.swift */,
				D5D14636214D8BE6005C2FC5 /* RegisterVC.swift */,
				D5D14643214E5060005C2FC5 /* SelectInterestsVC.swift */,
			);
			path = Login;
			sourceTree = "<group>";
		};
		D5CE6160219E33C2001F7E3C /* Settings */ = {
			isa = PBXGroup;
			children = (
				D5D146D9214EAA58005C2FC5 /* SettingsVC.swift */,
				D5D146D5214EAA57005C2FC5 /* EditProfileVC.swift */,
				D5D146D6214EAA57005C2FC5 /* SimpleDetailVC.swift */,
				D5D146D4214EAA57005C2FC5 /* DropDownDetailVC.swift */,
			);
			path = Settings;
			sourceTree = "<group>";
		};
		D5CE6169219E4079001F7E3C /* CollectionViewCells */ = {
			isa = PBXGroup;
			children = (
				D5CE616A219E408F001F7E3C /* EventCVCell.swift */,
				D5CE616D219E4090001F7E3C /* InterestCVCell.swift */,
				D5CE616B219E408F001F7E3C /* MultimediaCVCell.swift */,
				D5CE616C219E4090001F7E3C /* OrganizerCVCell.swift */,
				D5CE616F219E4090001F7E3C /* RecentPublicationsCVCell.swift */,
				D5CE616E219E4090001F7E3C /* TagCVCell.swift */,
				D55CC4AC21C0427F000A1C43 /* NewEvent */,
				59A79B1C22472A1800D82A09 /* BadgeCVCell.swift */,
			);
			path = CollectionViewCells;
			sourceTree = "<group>";
		};
		D5D14638214DBE13005C2FC5 /* Fonts */ = {
			isa = PBXGroup;
			children = (
				D5D1463A214DBE21005C2FC5 /* Avenir Next Condensed.ttc */,
				D5D1463B214DBE21005C2FC5 /* Avenir Next.ttc */,
				D5D14639214DBE21005C2FC5 /* Avenir.ttc */,
			);
			path = Fonts;
			sourceTree = "<group>";
		};
		D5D14667214EA88E005C2FC5 /* TableViewCells */ = {
			isa = PBXGroup;
			children = (
				D5D1467A214EA909005C2FC5 /* NewEvent */,
				D5D14679214EA8FF005C2FC5 /* EventDetail */,
				D5D14678214EA8F5005C2FC5 /* MyEventDetail */,
				D5D14677214EA8EA005C2FC5 /* MyEvents */,
				D5D14676214EA8E1005C2FC5 /* Notifications */,
				D5DF805521A638B4002BD91F /* Profile */,
				D5D14675214EA8DA005C2FC5 /* Settings */,
			);
			path = TableViewCells;
			sourceTree = "<group>";
		};
		D5D14675214EA8DA005C2FC5 /* Settings */ = {
			isa = PBXGroup;
			children = (
				D5D146A4214EA971005C2FC5 /* DropDownTVCell.swift */,
				D5D146A5214EA971005C2FC5 /* SettingsTVCell.swift */,
			);
			path = Settings;
			sourceTree = "<group>";
		};
		D5D14676214EA8E1005C2FC5 /* Notifications */ = {
			isa = PBXGroup;
			children = (
				D5D146A0214EA968005C2FC5 /* NotificationBadgeTVCell.swift */,
				D5D1469E214EA968005C2FC5 /* NotificationEventTVCell.swift */,
				D5D1469F214EA968005C2FC5 /* NotificationFollowTVCell.swift */,
			);
			path = Notifications;
			sourceTree = "<group>";
		};
		D5D14677214EA8EA005C2FC5 /* MyEvents */ = {
			isa = PBXGroup;
			children = (
				D5D1469C214EA960005C2FC5 /* EventCountdownTVCell.swift */,
			);
			path = MyEvents;
			sourceTree = "<group>";
		};
		D5D14678214EA8F5005C2FC5 /* MyEventDetail */ = {
			isa = PBXGroup;
			children = (
				D5D14696214EA958005C2FC5 /* MainInfoTVCell.swift */,
				D5D14697214EA958005C2FC5 /* RecentCommentsTVCell.swift */,
				D5D14694214EA958005C2FC5 /* RecentCommentTVCell.swift */,
				D5D14695214EA958005C2FC5 /* RecentPublicationsTVCell.swift */,
			);
			path = MyEventDetail;
			sourceTree = "<group>";
		};
		D5D14679214EA8FF005C2FC5 /* EventDetail */ = {
			isa = PBXGroup;
			children = (
				D5D1468B214EA94D005C2FC5 /* CommentsTVCell.swift */,
				D5D4B00021537B6C0033317E /* EventInfoTVCell.swift */,
				D5D14688214EA94D005C2FC5 /* EventAddressTVCell.swift */,
				D5D1468A214EA94D005C2FC5 /* CommentTVCell.swift */,
				D5D14689214EA94D005C2FC5 /* EventDetailTVCell.swift */,
				D5D1468C214EA94D005C2FC5 /* EventFeedTVCell.swift */,
				D5EA5460219C9FAA0048CFED /* MultimediaTVCell.swift */,
				D5D1468D214EA94D005C2FC5 /* OrganizersTVCell.swift */,
			);
			path = EventDetail;
			sourceTree = "<group>";
		};
		D5D1467A214EA909005C2FC5 /* NewEvent */ = {
			isa = PBXGroup;
			children = (
				D55CC4A221C041D1000A1C43 /* NewOrganizerTVCell.swift */,
				D55CC4A421C041E4000A1C43 /* NewSponsorTVCell.swift */,
				D55CC4A621C04201000A1C43 /* WebEventTVCell.swift */,
				D55CC4A821C04269000A1C43 /* NewMultimediaTVCell.swift */,
				D55CC4AA21C04277000A1C43 /* NewTagTVCell.swift */,
				D55CC4B521C05A90000A1C43 /* PlaceTVCell.swift */,
			);
			path = NewEvent;
			sourceTree = "<group>";
		};
		D5D146B0214EA9A2005C2FC5 /* Onboarding */ = {
			isa = PBXGroup;
			children = (
				D5D146B3214EA9B9005C2FC5 /* WalkThroughVC.swift */,
				D5D146B1214EA9B9005C2FC5 /* WalkThroughPVC.swift */,
				D5D146B2214EA9B9005C2FC5 /* WalkThroughContentVC.swift */,
			);
			path = Onboarding;
			sourceTree = "<group>";
		};
		D5D146B7214EA9C1005C2FC5 /* EventFeed */ = {
			isa = PBXGroup;
			children = (
				D5D146BB214EA9D0005C2FC5 /* EventFeedVC.swift */,
				D5D146B8214EA9D0005C2FC5 /* EventFeedDetailVC.swift */,
				D5D146BA214EA9D0005C2FC5 /* MoreCommentsVC.swift */,
			);
			path = EventFeed;
			sourceTree = "<group>";
		};
		D5D146C0214EA9EC005C2FC5 /* NewEvent */ = {
			isa = PBXGroup;
			children = (
				D5D146B9214EA9D0005C2FC5 /* AddNewEventVC.swift */,
				D5F198ED21B063930082DE73 /* NewEventMainInfoVC.swift */,
				D5F198EF21B0643D0082DE73 /* NewEventOtherInfoVC.swift */,
			);
			path = NewEvent;
			sourceTree = "<group>";
		};
		D5D146CB214EAA12005C2FC5 /* Favorites */ = {
			isa = PBXGroup;
			children = (
				D5D146CF214EAA45005C2FC5 /* MyEventsVC.swift */,
				D5D146CE214EAA45005C2FC5 /* EventTimelineVC.swift */,
			);
			path = Favorites;
			sourceTree = "<group>";
		};
		D5D146CC214EAA1C005C2FC5 /* Profile */ = {
			isa = PBXGroup;
			children = (
				D5D146D7214EAA57005C2FC5 /* ProfileVC.swift */,
				D5CE6161219E3580001F7E3C /* FollowersVC.swift */,
				59A79B192247121400D82A09 /* MyBadges */,
				D5CE6160219E33C2001F7E3C /* Settings */,
			);
			path = Profile;
			sourceTree = "<group>";
		};
		D5D146CD214EAA26005C2FC5 /* Activity */ = {
			isa = PBXGroup;
			children = (
				D5D146D2214EAA4D005C2FC5 /* MyActivitiesVC.swift */,
			);
			path = Activity;
			sourceTree = "<group>";
		};
		D5DF805521A638B4002BD91F /* Profile */ = {
			isa = PBXGroup;
			children = (
				D5DF805821A639E8002BD91F /* Followers */,
			);
			path = Profile;
			sourceTree = "<group>";
		};
		D5DF805821A639E8002BD91F /* Followers */ = {
			isa = PBXGroup;
			children = (
				D5DF805921A63A03002BD91F /* FollowersTVCell.swift */,
			);
			path = Followers;
			sourceTree = "<group>";
		};
		D5E20ECF21478B390099C1BD = {
			isa = PBXGroup;
			children = (
				D5E20EDA21478B390099C1BD /* Wegaut */,
				D5E20ED921478B390099C1BD /* Products */,
				C74A198167CC05101A5B83F6 /* Pods */,
				574611AC459D2211D9DB98D6 /* Frameworks */,
			);
			sourceTree = "<group>";
		};
		D5E20ED921478B390099C1BD /* Products */ = {
			isa = PBXGroup;
			children = (
				D5E20ED821478B390099C1BD /* Wegaut.app */,
			);
			name = Products;
			sourceTree = "<group>";
		};
		D5E20EDA21478B390099C1BD /* Wegaut */ = {
			isa = PBXGroup;
			children = (
				D57F8B39214790480001EE01 /* DataModel */,
				D57F8B38214790400001EE01 /* Classes */,
				D57F8B37214790290001EE01 /* Extensions */,
				D57F8B3A214790510001EE01 /* Cells */,
				D5E20F0A21478EC40099C1BD /* ViewControllers */,
				D5E20F0B21478ED30099C1BD /* Resources */,
				D5E20F0921478EB60099C1BD /* XIBS */,
			);
			path = Wegaut;
			sourceTree = "<group>";
		};
		D5E20F0921478EB60099C1BD /* XIBS */ = {
			isa = PBXGroup;
			children = (
				D5D146E4214EAA9B005C2FC5 /* Onboarding.storyboard */,
				D5EBD477214982D700FEEBA4 /* Login.storyboard */,
				D5E20EE421478B3A0099C1BD /* LaunchScreen.storyboard */,
				D5D146E8214EAAD0005C2FC5 /* Main.storyboard */,
				D5D146E6214EAAA3005C2FC5 /* AddNewEvent.storyboard */,
				D5EA546E219D1A170048CFED /* NoConnection.xib */,
			);
			path = XIBS;
			sourceTree = "<group>";
		};
		D5E20F0A21478EC40099C1BD /* ViewControllers */ = {
			isa = PBXGroup;
			children = (
				D5E20EDB21478B390099C1BD /* AppDelegate.swift */,
				D52E50E9216A8C9900B2AB6F /* No Connection */,
				D5D146B0214EA9A2005C2FC5 /* Onboarding */,
				D5CB94DC2149972900009BCB /* Login */,
				D5D146B7214EA9C1005C2FC5 /* EventFeed */,
				D5D146C0214EA9EC005C2FC5 /* NewEvent */,
				D5D146CB214EAA12005C2FC5 /* Favorites */,
				D5D146CD214EAA26005C2FC5 /* Activity */,
				D5D146CC214EAA1C005C2FC5 /* Profile */,
			);
			path = ViewControllers;
			sourceTree = "<group>";
		};
		D5E20F0B21478ED30099C1BD /* Resources */ = {
			isa = PBXGroup;
			children = (
				D5D14638214DBE13005C2FC5 /* Fonts */,
				D5E20EE721478B3A0099C1BD /* Info.plist */,
				D52A5E57220BC35900849266 /* GoogleService-Info.plist */,
				D5E20EE221478B3A0099C1BD /* Assets.xcassets */,
				D5D14634214D8505005C2FC5 /* Localizable.strings */,
			);
			path = Resources;
			sourceTree = "<group>";
		};
/* End PBXGroup section */

/* Begin PBXNativeTarget section */
		D5E20ED721478B390099C1BD /* Wegaut */ = {
			isa = PBXNativeTarget;
			buildConfigurationList = D5E20F0021478B3A0099C1BD /* Build configuration list for PBXNativeTarget "Wegaut" */;
			buildPhases = (
				C003A7BF938DCFBB205263E6 /* [CP] Check Pods Manifest.lock */,
				D5E20ED421478B390099C1BD /* Sources */,
				D5E20ED521478B390099C1BD /* Frameworks */,
				D5E20ED621478B390099C1BD /* Resources */,
				DAD6758AB91E037020A040F0 /* [CP] Embed Pods Frameworks */,
			);
			buildRules = (
			);
			dependencies = (
			);
			name = Wegaut;
			productName = Wegaut;
			productReference = D5E20ED821478B390099C1BD /* Wegaut.app */;
			productType = "com.apple.product-type.application";
		};
/* End PBXNativeTarget section */

/* Begin PBXProject section */
		D5E20ED021478B390099C1BD /* Project object */ = {
			isa = PBXProject;
			attributes = {
				LastSwiftUpdateCheck = 0940;
				LastUpgradeCheck = 0940;
				ORGANIZATIONNAME = Wegaut;
				TargetAttributes = {
					D5E20ED721478B390099C1BD = {
						CreatedOnToolsVersion = 9.4.1;
						LastSwiftMigration = 1000;
					};
				};
			};
			buildConfigurationList = D5E20ED321478B390099C1BD /* Build configuration list for PBXProject "Wegaut" */;
			compatibilityVersion = "Xcode 9.3";
			developmentRegion = en;
			hasScannedForEncodings = 0;
			knownRegions = (
				en,
				Base,
				es,
			);
			mainGroup = D5E20ECF21478B390099C1BD;
			productRefGroup = D5E20ED921478B390099C1BD /* Products */;
			projectDirPath = "";
			projectRoot = "";
			targets = (
				D5E20ED721478B390099C1BD /* Wegaut */,
			);
		};
/* End PBXProject section */

/* Begin PBXResourcesBuildPhase section */
		D5E20ED621478B390099C1BD /* Resources */ = {
			isa = PBXResourcesBuildPhase;
			buildActionMask = 2147483647;
			files = (
				D5D1463C214DBE33005C2FC5 /* Avenir Next Condensed.ttc in Resources */,
				D5D146E9214EAAD0005C2FC5 /* Main.storyboard in Resources */,
				D5D1463D214DBE33005C2FC5 /* Avenir Next.ttc in Resources */,
				D5D1463E214DBE33005C2FC5 /* Avenir.ttc in Resources */,
				D5D14632214D8505005C2FC5 /* Localizable.strings in Resources */,
				D52A5E58220BC35900849266 /* GoogleService-Info.plist in Resources */,
				D5EBD478214982D700FEEBA4 /* Login.storyboard in Resources */,
				D5EA546F219D1A170048CFED /* NoConnection.xib in Resources */,
				D5E20EE621478B3A0099C1BD /* LaunchScreen.storyboard in Resources */,
				D5D146E5214EAA9C005C2FC5 /* Onboarding.storyboard in Resources */,
				D5E20EE321478B3A0099C1BD /* Assets.xcassets in Resources */,
				D5D146E7214EAAA3005C2FC5 /* AddNewEvent.storyboard in Resources */,
			);
			runOnlyForDeploymentPostprocessing = 0;
		};
/* End PBXResourcesBuildPhase section */

/* Begin PBXShellScriptBuildPhase section */
		C003A7BF938DCFBB205263E6 /* [CP] Check Pods Manifest.lock */ = {
			isa = PBXShellScriptBuildPhase;
			buildActionMask = 2147483647;
			files = (
			);
			inputPaths = (
				"${PODS_PODFILE_DIR_PATH}/Podfile.lock",
				"${PODS_ROOT}/Manifest.lock",
			);
			name = "[CP] Check Pods Manifest.lock";
			outputPaths = (
				"$(DERIVED_FILE_DIR)/Pods-Wegaut-checkManifestLockResult.txt",
			);
			runOnlyForDeploymentPostprocessing = 0;
			shellPath = /bin/sh;
			shellScript = "diff \"${PODS_PODFILE_DIR_PATH}/Podfile.lock\" \"${PODS_ROOT}/Manifest.lock\" > /dev/null\nif [ $? != 0 ] ; then\n    # print error to STDERR\n    echo \"error: The sandbox is not in sync with the Podfile.lock. Run 'pod install' or update your CocoaPods installation.\" >&2\n    exit 1\nfi\n# This output is used by Xcode 'outputs' to avoid re-running this script phase.\necho \"SUCCESS\" > \"${SCRIPT_OUTPUT_FILE_0}\"\n";
			showEnvVarsInLog = 0;
		};
		DAD6758AB91E037020A040F0 /* [CP] Embed Pods Frameworks */ = {
			isa = PBXShellScriptBuildPhase;
			buildActionMask = 2147483647;
			files = (
			);
			inputPaths = (
				"${SRCROOT}/Pods/Target Support Files/Pods-Wegaut/Pods-Wegaut-frameworks.sh",
				"${BUILT_PRODUCTS_DIR}/BRCountDownView/BRCountDownView.framework",
				"${BUILT_PRODUCTS_DIR}/Colours/Colours.framework",
				"${BUILT_PRODUCTS_DIR}/CropViewController/CropViewController.framework",
				"${BUILT_PRODUCTS_DIR}/GTMSessionFetcher/GTMSessionFetcher.framework",
				"${BUILT_PRODUCTS_DIR}/GoogleToolboxForMac/GoogleToolboxForMac.framework",
				"${BUILT_PRODUCTS_DIR}/ReachabilitySwift/Reachability.framework",
				"${BUILT_PRODUCTS_DIR}/SDWebImage/SDWebImage.framework",
				"${BUILT_PRODUCTS_DIR}/nanopb/nanopb.framework",
			);
			name = "[CP] Embed Pods Frameworks";
			outputPaths = (
				"${TARGET_BUILD_DIR}/${FRAMEWORKS_FOLDER_PATH}/BRCountDownView.framework",
				"${TARGET_BUILD_DIR}/${FRAMEWORKS_FOLDER_PATH}/Colours.framework",
				"${TARGET_BUILD_DIR}/${FRAMEWORKS_FOLDER_PATH}/CropViewController.framework",
				"${TARGET_BUILD_DIR}/${FRAMEWORKS_FOLDER_PATH}/GTMSessionFetcher.framework",
				"${TARGET_BUILD_DIR}/${FRAMEWORKS_FOLDER_PATH}/GoogleToolboxForMac.framework",
				"${TARGET_BUILD_DIR}/${FRAMEWORKS_FOLDER_PATH}/Reachability.framework",
				"${TARGET_BUILD_DIR}/${FRAMEWORKS_FOLDER_PATH}/SDWebImage.framework",
				"${TARGET_BUILD_DIR}/${FRAMEWORKS_FOLDER_PATH}/nanopb.framework",
			);
			runOnlyForDeploymentPostprocessing = 0;
			shellPath = /bin/sh;
			shellScript = "\"${SRCROOT}/Pods/Target Support Files/Pods-Wegaut/Pods-Wegaut-frameworks.sh\"\n";
			showEnvVarsInLog = 0;
		};
/* End PBXShellScriptBuildPhase section */

/* Begin PBXSourcesBuildPhase section */
		D5E20ED421478B390099C1BD /* Sources */ = {
			isa = PBXSourcesBuildPhase;
			buildActionMask = 2147483647;
			files = (
				D55CC4B421C042D6000A1C43 /* NewTagCVCell.swift in Sources */,
				D5CE6174219E4090001F7E3C /* TagCVCell.swift in Sources */,
				D5D146A7214EA971005C2FC5 /* SettingsTVCell.swift in Sources */,
				D5CE6171219E4090001F7E3C /* MultimediaCVCell.swift in Sources */,
				D5D1465A214EA866005C2FC5 /* SettingsOption.swift in Sources */,
				D5D146BC214EA9D0005C2FC5 /* EventFeedDetailVC.swift in Sources */,
				D5F198EC21AF1C9C0082DE73 /* FORAndroidTextfield.swift in Sources */,
				D5CE6175219E4090001F7E3C /* RecentPublicationsCVCell.swift in Sources */,
				D5D14690214EA94D005C2FC5 /* CommentTVCell.swift in Sources */,
				D5D1464A214E5420005C2FC5 /* UIImageViewExtensions.swift in Sources */,
				D55CC4A521C041E4000A1C43 /* NewSponsorTVCell.swift in Sources */,
				D5D14640214DC1E3005C2FC5 /* WegautColors.swift in Sources */,
				D5D14660214EA866005C2FC5 /* User.swift in Sources */,
				D5D14665214EA882005C2FC5 /* FORPopUpView.swift in Sources */,
				D5DF805A21A63A03002BD91F /* FollowersTVCell.swift in Sources */,
				D5D1468E214EA94D005C2FC5 /* EventAddressTVCell.swift in Sources */,
				D5E20EDC21478B390099C1BD /* AppDelegate.swift in Sources */,
				D5D1468F214EA94D005C2FC5 /* EventDetailTVCell.swift in Sources */,
				D55CC4A921C04269000A1C43 /* NewMultimediaTVCell.swift in Sources */,
				D5D146B4214EA9B9005C2FC5 /* WalkThroughPVC.swift in Sources */,
				D5EA5461219C9FAA0048CFED /* MultimediaTVCell.swift in Sources */,
				D55CC4A321C041D1000A1C43 /* NewOrganizerTVCell.swift in Sources */,
				D5CE6170219E4090001F7E3C /* EventCVCell.swift in Sources */,
				D5D1465B214EA866005C2FC5 /* Sponsorship.swift in Sources */,
				59A79B18224711FC00D82A09 /* MyBadgesContainerVC.swift in Sources */,
				D5D4B00121537B6C0033317E /* EventInfoTVCell.swift in Sources */,
				D5D146BE214EA9D0005C2FC5 /* MoreCommentsVC.swift in Sources */,
				D5D14637214D8BE6005C2FC5 /* RegisterVC.swift in Sources */,
				D55CC4AB21C04277000A1C43 /* NewTagTVCell.swift in Sources */,
				D5D1465E214EA866005C2FC5 /* Publication.swift in Sources */,
				D5D146D3214EAA4D005C2FC5 /* MyActivitiesVC.swift in Sources */,
				D5D1469B214EA958005C2FC5 /* RecentCommentsTVCell.swift in Sources */,
				D5D146A2214EA968005C2FC5 /* NotificationFollowTVCell.swift in Sources */,
				D5D14691214EA94D005C2FC5 /* CommentsTVCell.swift in Sources */,
				D5D146DB214EAA58005C2FC5 /* EditProfileVC.swift in Sources */,
				D5D1465C214EA866005C2FC5 /* Multimedia.swift in Sources */,
				D55CC4B621C05A90000A1C43 /* PlaceTVCell.swift in Sources */,
				D5CAD99621A75655002D2335 /* Activity.swift in Sources */,
				D5E78F382162A2BE001E17D1 /* WelcomeVC.swift in Sources */,
				D5D146B5214EA9B9005C2FC5 /* WalkThroughContentVC.swift in Sources */,
				D5BCEE7B219B60C6003428C9 /* FORButton.swift in Sources */,
				D52CB3EF214AD40C007C58D2 /* UIViewControllerExtensions.swift in Sources */,
				D5D146E2214EAA79005C2FC5 /* MFMailComposeViewControllerExtension.swift in Sources */,
				D5D146D1214EAA45005C2FC5 /* MyEventsVC.swift in Sources */,
				D5D1465D214EA866005C2FC5 /* DropDownOption.swift in Sources */,
				D5D146DE214EAA58005C2FC5 /* MyBadgesVC.swift in Sources */,
				D5CE6173219E4090001F7E3C /* InterestCVCell.swift in Sources */,
				D5D1462D214D7CC5005C2FC5 /* UIImageExtension.swift in Sources */,
				D5E78F3A2162B287001E17D1 /* ForgotPasswordVC.swift in Sources */,
				D5D146DC214EAA58005C2FC5 /* SimpleDetailVC.swift in Sources */,
				D55CC4AE21C042A2000A1C43 /* NewOrganizerCVCell.swift in Sources */,
				59A79B16224711D900D82A09 /* MyBadgesPVC.swift in Sources */,
				D55CC4B221C042C2000A1C43 /* NewMultimediaCVCell.swift in Sources */,
				D5F198EE21B063930082DE73 /* NewEventMainInfoVC.swift in Sources */,
				D5D146B6214EA9B9005C2FC5 /* WalkThroughVC.swift in Sources */,
				D5CAD99821A761FE002D2335 /* Level.swift in Sources */,
				D5D14692214EA94D005C2FC5 /* EventFeedTVCell.swift in Sources */,
				D5D14699214EA958005C2FC5 /* RecentPublicationsTVCell.swift in Sources */,
				D5D146BF214EA9D0005C2FC5 /* EventFeedVC.swift in Sources */,
				59A79B1D22472A1800D82A09 /* BadgeCVCell.swift in Sources */,
				D5D146E3214EAA79005C2FC5 /* NSMutableAttributedStringExtensions.swift in Sources */,
				D5D4AFFF21535EDE0033317E /* NSAttributedStringExtensions.swift in Sources */,
				D5D14698214EA958005C2FC5 /* RecentCommentTVCell.swift in Sources */,
				D5F198F021B0643D0082DE73 /* NewEventOtherInfoVC.swift in Sources */,
				D5D14658214EA866005C2FC5 /* Event.swift in Sources */,
				D5D146A1214EA968005C2FC5 /* NotificationEventTVCell.swift in Sources */,
				D5CE6162219E3580001F7E3C /* FollowersVC.swift in Sources */,
				D5D1469D214EA960005C2FC5 /* EventCountdownTVCell.swift in Sources */,
				D5D14629214D75E5005C2FC5 /* StringExtensions.swift in Sources */,
				D5D14642214E34C4005C2FC5 /* UIViewExtensions.swift in Sources */,
				D5CE6172219E4090001F7E3C /* OrganizerCVCell.swift in Sources */,
				D53E120A21FF821E000552BC /* UIDeviceExtensions.swift in Sources */,
				D5D14666214EA882005C2FC5 /* FORView.swift in Sources */,
				D55CC4B021C042B1000A1C43 /* NewSponsorCVCell.swift in Sources */,
				D55CC4A721C04201000A1C43 /* WebEventTVCell.swift in Sources */,
				D5D1462B214D7A0F005C2FC5 /* UITextFieldExtensions.swift in Sources */,
				D52CB3EC214AD284007C58D2 /* WegautConstants.swift in Sources */,
				D5D146BD214EA9D0005C2FC5 /* AddNewEventVC.swift in Sources */,
				D5D14693214EA94D005C2FC5 /* OrganizersTVCell.swift in Sources */,
				D5D1465F214EA866005C2FC5 /* Comment.swift in Sources */,
				D5D146DF214EAA58005C2FC5 /* SettingsVC.swift in Sources */,
				D5D146DA214EAA58005C2FC5 /* DropDownDetailVC.swift in Sources */,
				D5D14656214EA866005C2FC5 /* Tag.swift in Sources */,
				D5D146D0214EAA45005C2FC5 /* EventTimelineVC.swift in Sources */,
				D5D14659214EA866005C2FC5 /* Organizer.swift in Sources */,
				D5CB94DE2149973D00009BCB /* LoginVC.swift in Sources */,
				D5A7710E2200D66900F49D06 /* EventAnnotation.swift in Sources */,
				D5D14644214E5060005C2FC5 /* SelectInterestsVC.swift in Sources */,
				D5D146A6214EA971005C2FC5 /* DropDownTVCell.swift in Sources */,
				D5D14664214EA882005C2FC5 /* FORFooterSearchResults.swift in Sources */,
				D5D146A3214EA968005C2FC5 /* NotificationBadgeTVCell.swift in Sources */,
				D5D146DD214EAA58005C2FC5 /* ProfileVC.swift in Sources */,
				D5D1469A214EA958005C2FC5 /* MainInfoTVCell.swift in Sources */,
			);
			runOnlyForDeploymentPostprocessing = 0;
		};
/* End PBXSourcesBuildPhase section */

/* Begin PBXVariantGroup section */
		D5D14634214D8505005C2FC5 /* Localizable.strings */ = {
			isa = PBXVariantGroup;
			children = (
				D5D14633214D8505005C2FC5 /* en */,
				D5D14635214D850A005C2FC5 /* es */,
			);
			name = Localizable.strings;
			sourceTree = "<group>";
		};
		D5E20EE421478B3A0099C1BD /* LaunchScreen.storyboard */ = {
			isa = PBXVariantGroup;
			children = (
				D5E20EE521478B3A0099C1BD /* Base */,
				D5D14630214D84E6005C2FC5 /* es */,
			);
			name = LaunchScreen.storyboard;
			sourceTree = "<group>";
		};
/* End PBXVariantGroup section */

/* Begin XCBuildConfiguration section */
		D5E20EFE21478B3A0099C1BD /* Debug */ = {
			isa = XCBuildConfiguration;
			buildSettings = {
				ALWAYS_SEARCH_USER_PATHS = NO;
				CLANG_ANALYZER_LOCALIZABILITY_NONLOCALIZED = YES;
				CLANG_ANALYZER_NONNULL = YES;
				CLANG_ANALYZER_NUMBER_OBJECT_CONVERSION = YES_AGGRESSIVE;
				CLANG_CXX_LANGUAGE_STANDARD = "gnu++14";
				CLANG_CXX_LIBRARY = "libc++";
				CLANG_ENABLE_MODULES = YES;
				CLANG_ENABLE_OBJC_ARC = YES;
				CLANG_ENABLE_OBJC_WEAK = YES;
				CLANG_WARN_BLOCK_CAPTURE_AUTORELEASING = YES;
				CLANG_WARN_BOOL_CONVERSION = YES;
				CLANG_WARN_COMMA = YES;
				CLANG_WARN_CONSTANT_CONVERSION = YES;
				CLANG_WARN_DEPRECATED_OBJC_IMPLEMENTATIONS = YES;
				CLANG_WARN_DIRECT_OBJC_ISA_USAGE = YES_ERROR;
				CLANG_WARN_DOCUMENTATION_COMMENTS = YES;
				CLANG_WARN_EMPTY_BODY = YES;
				CLANG_WARN_ENUM_CONVERSION = YES;
				CLANG_WARN_INFINITE_RECURSION = YES;
				CLANG_WARN_INT_CONVERSION = YES;
				CLANG_WARN_NON_LITERAL_NULL_CONVERSION = YES;
				CLANG_WARN_OBJC_IMPLICIT_RETAIN_SELF = YES;
				CLANG_WARN_OBJC_LITERAL_CONVERSION = YES;
				CLANG_WARN_OBJC_ROOT_CLASS = YES_ERROR;
				CLANG_WARN_RANGE_LOOP_ANALYSIS = YES;
				CLANG_WARN_STRICT_PROTOTYPES = YES;
				CLANG_WARN_SUSPICIOUS_MOVE = YES;
				CLANG_WARN_UNGUARDED_AVAILABILITY = YES_AGGRESSIVE;
				CLANG_WARN_UNREACHABLE_CODE = YES;
				CLANG_WARN__DUPLICATE_METHOD_MATCH = YES;
				CODE_SIGN_IDENTITY = "iPhone Developer";
				COPY_PHASE_STRIP = NO;
				DEBUG_INFORMATION_FORMAT = dwarf;
				ENABLE_STRICT_OBJC_MSGSEND = YES;
				ENABLE_TESTABILITY = YES;
				GCC_C_LANGUAGE_STANDARD = gnu11;
				GCC_DYNAMIC_NO_PIC = NO;
				GCC_NO_COMMON_BLOCKS = YES;
				GCC_OPTIMIZATION_LEVEL = 0;
				GCC_PREPROCESSOR_DEFINITIONS = (
					"DEBUG=1",
					"$(inherited)",
				);
				GCC_WARN_64_TO_32_BIT_CONVERSION = YES;
				GCC_WARN_ABOUT_RETURN_TYPE = YES_ERROR;
				GCC_WARN_UNDECLARED_SELECTOR = YES;
				GCC_WARN_UNINITIALIZED_AUTOS = YES_AGGRESSIVE;
				GCC_WARN_UNUSED_FUNCTION = YES;
				GCC_WARN_UNUSED_VARIABLE = YES;
				IPHONEOS_DEPLOYMENT_TARGET = 10.0;
				MTL_ENABLE_DEBUG_INFO = YES;
				ONLY_ACTIVE_ARCH = YES;
				SDKROOT = iphoneos;
				SWIFT_ACTIVE_COMPILATION_CONDITIONS = DEBUG;
				SWIFT_OPTIMIZATION_LEVEL = "-Onone";
			};
			name = Debug;
		};
		D5E20EFF21478B3A0099C1BD /* Release */ = {
			isa = XCBuildConfiguration;
			buildSettings = {
				ALWAYS_SEARCH_USER_PATHS = NO;
				CLANG_ANALYZER_LOCALIZABILITY_NONLOCALIZED = YES;
				CLANG_ANALYZER_NONNULL = YES;
				CLANG_ANALYZER_NUMBER_OBJECT_CONVERSION = YES_AGGRESSIVE;
				CLANG_CXX_LANGUAGE_STANDARD = "gnu++14";
				CLANG_CXX_LIBRARY = "libc++";
				CLANG_ENABLE_MODULES = YES;
				CLANG_ENABLE_OBJC_ARC = YES;
				CLANG_ENABLE_OBJC_WEAK = YES;
				CLANG_WARN_BLOCK_CAPTURE_AUTORELEASING = YES;
				CLANG_WARN_BOOL_CONVERSION = YES;
				CLANG_WARN_COMMA = YES;
				CLANG_WARN_CONSTANT_CONVERSION = YES;
				CLANG_WARN_DEPRECATED_OBJC_IMPLEMENTATIONS = YES;
				CLANG_WARN_DIRECT_OBJC_ISA_USAGE = YES_ERROR;
				CLANG_WARN_DOCUMENTATION_COMMENTS = YES;
				CLANG_WARN_EMPTY_BODY = YES;
				CLANG_WARN_ENUM_CONVERSION = YES;
				CLANG_WARN_INFINITE_RECURSION = YES;
				CLANG_WARN_INT_CONVERSION = YES;
				CLANG_WARN_NON_LITERAL_NULL_CONVERSION = YES;
				CLANG_WARN_OBJC_IMPLICIT_RETAIN_SELF = YES;
				CLANG_WARN_OBJC_LITERAL_CONVERSION = YES;
				CLANG_WARN_OBJC_ROOT_CLASS = YES_ERROR;
				CLANG_WARN_RANGE_LOOP_ANALYSIS = YES;
				CLANG_WARN_STRICT_PROTOTYPES = YES;
				CLANG_WARN_SUSPICIOUS_MOVE = YES;
				CLANG_WARN_UNGUARDED_AVAILABILITY = YES_AGGRESSIVE;
				CLANG_WARN_UNREACHABLE_CODE = YES;
				CLANG_WARN__DUPLICATE_METHOD_MATCH = YES;
				CODE_SIGN_IDENTITY = "iPhone Developer";
				COPY_PHASE_STRIP = NO;
				DEBUG_INFORMATION_FORMAT = "dwarf-with-dsym";
				ENABLE_NS_ASSERTIONS = NO;
				ENABLE_STRICT_OBJC_MSGSEND = YES;
				GCC_C_LANGUAGE_STANDARD = gnu11;
				GCC_NO_COMMON_BLOCKS = YES;
				GCC_WARN_64_TO_32_BIT_CONVERSION = YES;
				GCC_WARN_ABOUT_RETURN_TYPE = YES_ERROR;
				GCC_WARN_UNDECLARED_SELECTOR = YES;
				GCC_WARN_UNINITIALIZED_AUTOS = YES_AGGRESSIVE;
				GCC_WARN_UNUSED_FUNCTION = YES;
				GCC_WARN_UNUSED_VARIABLE = YES;
				IPHONEOS_DEPLOYMENT_TARGET = 10.0;
				MTL_ENABLE_DEBUG_INFO = NO;
				SDKROOT = iphoneos;
				SWIFT_COMPILATION_MODE = wholemodule;
				SWIFT_OPTIMIZATION_LEVEL = "-O";
				VALIDATE_PRODUCT = YES;
			};
			name = Release;
		};
		D5E20F0121478B3A0099C1BD /* Debug */ = {
			isa = XCBuildConfiguration;
			baseConfigurationReference = C0B5A281DCD7ED4346D02AA6 /* Pods-Wegaut.debug.xcconfig */;
			buildSettings = {
				ASSETCATALOG_COMPILER_APPICON_NAME = AppIcon;
				CODE_SIGN_STYLE = Automatic;
				DEVELOPMENT_TEAM = LUY25X6XJ5;
				INFOPLIST_FILE = "$(SRCROOT)/Wegaut/Resources/Info.plist";
				IPHONEOS_DEPLOYMENT_TARGET = 11.0;
				LD_RUNPATH_SEARCH_PATHS = (
					"$(inherited)",
					"@executable_path/Frameworks",
				);
				PRODUCT_BUNDLE_IDENTIFIER = com.Aget.Wegaut;
				PRODUCT_NAME = "$(TARGET_NAME)";
				SWIFT_VERSION = 4.2;
				TARGETED_DEVICE_FAMILY = "1,2";
			};
			name = Debug;
		};
		D5E20F0221478B3A0099C1BD /* Release */ = {
			isa = XCBuildConfiguration;
			baseConfigurationReference = DB3FED54A3E0347AEBF0EF23 /* Pods-Wegaut.release.xcconfig */;
			buildSettings = {
				ASSETCATALOG_COMPILER_APPICON_NAME = AppIcon;
				CODE_SIGN_STYLE = Automatic;
				DEVELOPMENT_TEAM = LUY25X6XJ5;
				INFOPLIST_FILE = "$(SRCROOT)/Wegaut/Resources/Info.plist";
				IPHONEOS_DEPLOYMENT_TARGET = 11.0;
				LD_RUNPATH_SEARCH_PATHS = (
					"$(inherited)",
					"@executable_path/Frameworks",
				);
				PRODUCT_BUNDLE_IDENTIFIER = com.Aget.Wegaut;
				PRODUCT_NAME = "$(TARGET_NAME)";
				SWIFT_VERSION = 4.2;
				TARGETED_DEVICE_FAMILY = "1,2";
			};
			name = Release;
		};
/* End XCBuildConfiguration section */

/* Begin XCConfigurationList section */
		D5E20ED321478B390099C1BD /* Build configuration list for PBXProject "Wegaut" */ = {
			isa = XCConfigurationList;
			buildConfigurations = (
				D5E20EFE21478B3A0099C1BD /* Debug */,
				D5E20EFF21478B3A0099C1BD /* Release */,
			);
			defaultConfigurationIsVisible = 0;
			defaultConfigurationName = Release;
		};
		D5E20F0021478B3A0099C1BD /* Build configuration list for PBXNativeTarget "Wegaut" */ = {
			isa = XCConfigurationList;
			buildConfigurations = (
				D5E20F0121478B3A0099C1BD /* Debug */,
				D5E20F0221478B3A0099C1BD /* Release */,
			);
			defaultConfigurationIsVisible = 0;
			defaultConfigurationName = Release;
		};
/* End XCConfigurationList section */
	};
	rootObject = D5E20ED021478B390099C1BD /* Project object */;
}
