// !$*UTF8*$!
{
	archiveVersion = 1;
	classes = {
	};
	objectVersion = 50;
	objects = {

/* Begin PBXBuildFile section */
		D52CB3EC214AD284007C58D2 /* WegautConstants.swift in Sources */ = {isa = PBXBuildFile; fileRef = D52CB3EB214AD284007C58D2 /* WegautConstants.swift */; };
		D52CB3EF214AD40C007C58D2 /* UIViewControllerExtensions.swift in Sources */ = {isa = PBXBuildFile; fileRef = D52CB3EE214AD40C007C58D2 /* UIViewControllerExtensions.swift */; };
		D5CB94DE2149973D00009BCB /* LoginVC.swift in Sources */ = {isa = PBXBuildFile; fileRef = D5CB94DD2149973D00009BCB /* LoginVC.swift */; };
		D5D14629214D75E5005C2FC5 /* StringExtensions.swift in Sources */ = {isa = PBXBuildFile; fileRef = D5D14628214D75E5005C2FC5 /* StringExtensions.swift */; };
		D5D1462B214D7A0F005C2FC5 /* UITextFieldExtensions.swift in Sources */ = {isa = PBXBuildFile; fileRef = D5D1462A214D7A0F005C2FC5 /* UITextFieldExtensions.swift */; };
		D5D1462D214D7CC5005C2FC5 /* UIImageExtension.swift in Sources */ = {isa = PBXBuildFile; fileRef = D5D1462C214D7CC5005C2FC5 /* UIImageExtension.swift */; };
		D5D14632214D8505005C2FC5 /* Localizable.strings in Resources */ = {isa = PBXBuildFile; fileRef = D5D14634214D8505005C2FC5 /* Localizable.strings */; };
		D5E20EDC21478B390099C1BD /* AppDelegate.swift in Sources */ = {isa = PBXBuildFile; fileRef = D5E20EDB21478B390099C1BD /* AppDelegate.swift */; };
		D5E20EE121478B390099C1BD /* Main.storyboard in Resources */ = {isa = PBXBuildFile; fileRef = D5E20EDF21478B390099C1BD /* Main.storyboard */; };
		D5E20EE321478B3A0099C1BD /* Assets.xcassets in Resources */ = {isa = PBXBuildFile; fileRef = D5E20EE221478B3A0099C1BD /* Assets.xcassets */; };
		D5E20EE621478B3A0099C1BD /* LaunchScreen.storyboard in Resources */ = {isa = PBXBuildFile; fileRef = D5E20EE421478B3A0099C1BD /* LaunchScreen.storyboard */; };
		D5E20EF121478B3A0099C1BD /* WegautTests.swift in Sources */ = {isa = PBXBuildFile; fileRef = D5E20EF021478B3A0099C1BD /* WegautTests.swift */; };
		D5E20EFC21478B3A0099C1BD /* WegautUITests.swift in Sources */ = {isa = PBXBuildFile; fileRef = D5E20EFB21478B3A0099C1BD /* WegautUITests.swift */; };
		D5EBD478214982D700FEEBA4 /* Login.storyboard in Resources */ = {isa = PBXBuildFile; fileRef = D5EBD477214982D700FEEBA4 /* Login.storyboard */; };
/* End PBXBuildFile section */

/* Begin PBXContainerItemProxy section */
		D5E20EED21478B3A0099C1BD /* PBXContainerItemProxy */ = {
			isa = PBXContainerItemProxy;
			containerPortal = D5E20ED021478B390099C1BD /* Project object */;
			proxyType = 1;
			remoteGlobalIDString = D5E20ED721478B390099C1BD;
			remoteInfo = Wegaut;
		};
		D5E20EF821478B3A0099C1BD /* PBXContainerItemProxy */ = {
			isa = PBXContainerItemProxy;
			containerPortal = D5E20ED021478B390099C1BD /* Project object */;
			proxyType = 1;
			remoteGlobalIDString = D5E20ED721478B390099C1BD;
			remoteInfo = Wegaut;
		};
/* End PBXContainerItemProxy section */

/* Begin PBXFileReference section */
		D52CB3EB214AD284007C58D2 /* WegautConstants.swift */ = {isa = PBXFileReference; lastKnownFileType = sourcecode.swift; path = WegautConstants.swift; sourceTree = "<group>"; };
		D52CB3EE214AD40C007C58D2 /* UIViewControllerExtensions.swift */ = {isa = PBXFileReference; lastKnownFileType = sourcecode.swift; path = UIViewControllerExtensions.swift; sourceTree = "<group>"; };
		D5CB94DD2149973D00009BCB /* LoginVC.swift */ = {isa = PBXFileReference; lastKnownFileType = sourcecode.swift; path = LoginVC.swift; sourceTree = "<group>"; };
		D5D14628214D75E5005C2FC5 /* StringExtensions.swift */ = {isa = PBXFileReference; fileEncoding = 4; lastKnownFileType = sourcecode.swift; path = StringExtensions.swift; sourceTree = "<group>"; };
		D5D1462A214D7A0F005C2FC5 /* UITextFieldExtensions.swift */ = {isa = PBXFileReference; fileEncoding = 4; lastKnownFileType = sourcecode.swift; path = UITextFieldExtensions.swift; sourceTree = "<group>"; };
		D5D1462C214D7CC5005C2FC5 /* UIImageExtension.swift */ = {isa = PBXFileReference; fileEncoding = 4; lastKnownFileType = sourcecode.swift; path = UIImageExtension.swift; sourceTree = "<group>"; };
		D5D14630214D84E6005C2FC5 /* es */ = {isa = PBXFileReference; lastKnownFileType = text.plist.strings; name = es; path = es.lproj/LaunchScreen.strings; sourceTree = "<group>"; };
		D5D14631214D84E6005C2FC5 /* es */ = {isa = PBXFileReference; lastKnownFileType = text.plist.strings; name = es; path = es.lproj/Main.strings; sourceTree = "<group>"; };
		D5D14633214D8505005C2FC5 /* en */ = {isa = PBXFileReference; lastKnownFileType = text.plist.strings; name = en; path = en.lproj/Localizable.strings; sourceTree = "<group>"; };
		D5D14635214D850A005C2FC5 /* es */ = {isa = PBXFileReference; lastKnownFileType = text.plist.strings; name = es; path = es.lproj/Localizable.strings; sourceTree = "<group>"; };
		D5E20ED821478B390099C1BD /* Wegaut.app */ = {isa = PBXFileReference; explicitFileType = wrapper.application; includeInIndex = 0; path = Wegaut.app; sourceTree = BUILT_PRODUCTS_DIR; };
		D5E20EDB21478B390099C1BD /* AppDelegate.swift */ = {isa = PBXFileReference; lastKnownFileType = sourcecode.swift; path = AppDelegate.swift; sourceTree = "<group>"; };
		D5E20EE021478B390099C1BD /* Base */ = {isa = PBXFileReference; lastKnownFileType = file.storyboard; name = Base; path = Base.lproj/Main.storyboard; sourceTree = "<group>"; };
		D5E20EE221478B3A0099C1BD /* Assets.xcassets */ = {isa = PBXFileReference; lastKnownFileType = folder.assetcatalog; path = Assets.xcassets; sourceTree = "<group>"; };
		D5E20EE521478B3A0099C1BD /* Base */ = {isa = PBXFileReference; lastKnownFileType = file.storyboard; name = Base; path = Base.lproj/LaunchScreen.storyboard; sourceTree = "<group>"; };
		D5E20EE721478B3A0099C1BD /* Info.plist */ = {isa = PBXFileReference; lastKnownFileType = text.plist.xml; path = Info.plist; sourceTree = "<group>"; };
		D5E20EEC21478B3A0099C1BD /* WegautTests.xctest */ = {isa = PBXFileReference; explicitFileType = wrapper.cfbundle; includeInIndex = 0; path = WegautTests.xctest; sourceTree = BUILT_PRODUCTS_DIR; };
		D5E20EF021478B3A0099C1BD /* WegautTests.swift */ = {isa = PBXFileReference; lastKnownFileType = sourcecode.swift; path = WegautTests.swift; sourceTree = "<group>"; };
		D5E20EF221478B3A0099C1BD /* Info.plist */ = {isa = PBXFileReference; lastKnownFileType = text.plist.xml; path = Info.plist; sourceTree = "<group>"; };
		D5E20EF721478B3A0099C1BD /* WegautUITests.xctest */ = {isa = PBXFileReference; explicitFileType = wrapper.cfbundle; includeInIndex = 0; path = WegautUITests.xctest; sourceTree = BUILT_PRODUCTS_DIR; };
		D5E20EFB21478B3A0099C1BD /* WegautUITests.swift */ = {isa = PBXFileReference; lastKnownFileType = sourcecode.swift; path = WegautUITests.swift; sourceTree = "<group>"; };
		D5E20EFD21478B3A0099C1BD /* Info.plist */ = {isa = PBXFileReference; lastKnownFileType = text.plist.xml; path = Info.plist; sourceTree = "<group>"; };
		D5EBD477214982D700FEEBA4 /* Login.storyboard */ = {isa = PBXFileReference; lastKnownFileType = file.storyboard; path = Login.storyboard; sourceTree = "<group>"; };
/* End PBXFileReference section */

/* Begin PBXFrameworksBuildPhase section */
		D5E20ED521478B390099C1BD /* Frameworks */ = {
			isa = PBXFrameworksBuildPhase;
			buildActionMask = 2147483647;
			files = (
			);
			runOnlyForDeploymentPostprocessing = 0;
		};
		D5E20EE921478B3A0099C1BD /* Frameworks */ = {
			isa = PBXFrameworksBuildPhase;
			buildActionMask = 2147483647;
			files = (
			);
			runOnlyForDeploymentPostprocessing = 0;
		};
		D5E20EF421478B3A0099C1BD /* Frameworks */ = {
			isa = PBXFrameworksBuildPhase;
			buildActionMask = 2147483647;
			files = (
			);
			runOnlyForDeploymentPostprocessing = 0;
		};
/* End PBXFrameworksBuildPhase section */

/* Begin PBXGroup section */
		D57F8B37214790290001EE01 /* Extensions */ = {
			isa = PBXGroup;
			children = (
				D5D14628214D75E5005C2FC5 /* StringExtensions.swift */,
				D5D1462A214D7A0F005C2FC5 /* UITextFieldExtensions.swift */,
				D5D1462C214D7CC5005C2FC5 /* UIImageExtension.swift */,
				D52CB3EE214AD40C007C58D2 /* UIViewControllerExtensions.swift */,
			);
			path = Extensions;
			sourceTree = "<group>";
		};
		D57F8B38214790400001EE01 /* Classes */ = {
			isa = PBXGroup;
			children = (
				D52CB3EB214AD284007C58D2 /* WegautConstants.swift */,
			);
			path = Classes;
			sourceTree = "<group>";
		};
		D57F8B39214790480001EE01 /* DataModel */ = {
			isa = PBXGroup;
			children = (
			);
			path = DataModel;
			sourceTree = "<group>";
		};
		D57F8B3A214790510001EE01 /* Cells */ = {
			isa = PBXGroup;
			children = (
			);
			path = Cells;
			sourceTree = "<group>";
		};
		D5CB94DC2149972900009BCB /* Login */ = {
			isa = PBXGroup;
			children = (
				D5CB94DD2149973D00009BCB /* LoginVC.swift */,
			);
			path = Login;
			sourceTree = "<group>";
		};
		D5E20ECF21478B390099C1BD = {
			isa = PBXGroup;
			children = (
				D5E20EDA21478B390099C1BD /* Wegaut */,
				D5E20EEF21478B3A0099C1BD /* WegautTests */,
				D5E20EFA21478B3A0099C1BD /* WegautUITests */,
				D5E20ED921478B390099C1BD /* Products */,
			);
			sourceTree = "<group>";
		};
		D5E20ED921478B390099C1BD /* Products */ = {
			isa = PBXGroup;
			children = (
				D5E20ED821478B390099C1BD /* Wegaut.app */,
				D5E20EEC21478B3A0099C1BD /* WegautTests.xctest */,
				D5E20EF721478B3A0099C1BD /* WegautUITests.xctest */,
			);
			name = Products;
			sourceTree = "<group>";
		};
		D5E20EDA21478B390099C1BD /* Wegaut */ = {
			isa = PBXGroup;
			children = (
				D57F8B39214790480001EE01 /* DataModel */,
				D57F8B38214790400001EE01 /* Classes */,
				D57F8B37214790290001EE01 /* Extensions */,
				D57F8B3A214790510001EE01 /* Cells */,
				D5E20F0A21478EC40099C1BD /* ViewControllers */,
				D5E20F0B21478ED30099C1BD /* Resources */,
				D5E20F0921478EB60099C1BD /* XIBS */,
			);
			path = Wegaut;
			sourceTree = "<group>";
		};
		D5E20EEF21478B3A0099C1BD /* WegautTests */ = {
			isa = PBXGroup;
			children = (
				D5E20EF021478B3A0099C1BD /* WegautTests.swift */,
				D5E20EF221478B3A0099C1BD /* Info.plist */,
			);
			path = WegautTests;
			sourceTree = "<group>";
		};
		D5E20EFA21478B3A0099C1BD /* WegautUITests */ = {
			isa = PBXGroup;
			children = (
				D5E20EFB21478B3A0099C1BD /* WegautUITests.swift */,
				D5E20EFD21478B3A0099C1BD /* Info.plist */,
			);
			path = WegautUITests;
			sourceTree = "<group>";
		};
		D5E20F0921478EB60099C1BD /* XIBS */ = {
			isa = PBXGroup;
			children = (
				D5E20EE421478B3A0099C1BD /* LaunchScreen.storyboard */,
				D5EBD477214982D700FEEBA4 /* Login.storyboard */,
				D5E20EDF21478B390099C1BD /* Main.storyboard */,
			);
			path = XIBS;
			sourceTree = "<group>";
		};
		D5E20F0A21478EC40099C1BD /* ViewControllers */ = {
			isa = PBXGroup;
			children = (
				D5E20EDB21478B390099C1BD /* AppDelegate.swift */,
				D5CB94DC2149972900009BCB /* Login */,
			);
			path = ViewControllers;
			sourceTree = "<group>";
		};
		D5E20F0B21478ED30099C1BD /* Resources */ = {
			isa = PBXGroup;
			children = (
				D5E20EE721478B3A0099C1BD /* Info.plist */,
				D5E20EE221478B3A0099C1BD /* Assets.xcassets */,
				D5D14634214D8505005C2FC5 /* Localizable.strings */,
			);
			path = Resources;
			sourceTree = "<group>";
		};
/* End PBXGroup section */

/* Begin PBXNativeTarget section */
		D5E20ED721478B390099C1BD /* Wegaut */ = {
			isa = PBXNativeTarget;
			buildConfigurationList = D5E20F0021478B3A0099C1BD /* Build configuration list for PBXNativeTarget "Wegaut" */;
			buildPhases = (
				D5E20ED421478B390099C1BD /* Sources */,
				D5E20ED521478B390099C1BD /* Frameworks */,
				D5E20ED621478B390099C1BD /* Resources */,
			);
			buildRules = (
			);
			dependencies = (
			);
			name = Wegaut;
			productName = Wegaut;
			productReference = D5E20ED821478B390099C1BD /* Wegaut.app */;
			productType = "com.apple.product-type.application";
		};
		D5E20EEB21478B3A0099C1BD /* WegautTests */ = {
			isa = PBXNativeTarget;
			buildConfigurationList = D5E20F0321478B3A0099C1BD /* Build configuration list for PBXNativeTarget "WegautTests" */;
			buildPhases = (
				D5E20EE821478B3A0099C1BD /* Sources */,
				D5E20EE921478B3A0099C1BD /* Frameworks */,
				D5E20EEA21478B3A0099C1BD /* Resources */,
			);
			buildRules = (
			);
			dependencies = (
				D5E20EEE21478B3A0099C1BD /* PBXTargetDependency */,
			);
			name = WegautTests;
			productName = WegautTests;
			productReference = D5E20EEC21478B3A0099C1BD /* WegautTests.xctest */;
			productType = "com.apple.product-type.bundle.unit-test";
		};
		D5E20EF621478B3A0099C1BD /* WegautUITests */ = {
			isa = PBXNativeTarget;
			buildConfigurationList = D5E20F0621478B3A0099C1BD /* Build configuration list for PBXNativeTarget "WegautUITests" */;
			buildPhases = (
				D5E20EF321478B3A0099C1BD /* Sources */,
				D5E20EF421478B3A0099C1BD /* Frameworks */,
				D5E20EF521478B3A0099C1BD /* Resources */,
			);
			buildRules = (
			);
			dependencies = (
				D5E20EF921478B3A0099C1BD /* PBXTargetDependency */,
			);
			name = WegautUITests;
			productName = WegautUITests;
			productReference = D5E20EF721478B3A0099C1BD /* WegautUITests.xctest */;
			productType = "com.apple.product-type.bundle.ui-testing";
		};
/* End PBXNativeTarget section */

/* Begin PBXProject section */
		D5E20ED021478B390099C1BD /* Project object */ = {
			isa = PBXProject;
			attributes = {
				LastSwiftUpdateCheck = 0940;
				LastUpgradeCheck = 0940;
				ORGANIZATIONNAME = Wegaut;
				TargetAttributes = {
					D5E20ED721478B390099C1BD = {
						CreatedOnToolsVersion = 9.4.1;
					};
					D5E20EEB21478B3A0099C1BD = {
						CreatedOnToolsVersion = 9.4.1;
						TestTargetID = D5E20ED721478B390099C1BD;
					};
					D5E20EF621478B3A0099C1BD = {
						CreatedOnToolsVersion = 9.4.1;
						TestTargetID = D5E20ED721478B390099C1BD;
					};
				};
			};
			buildConfigurationList = D5E20ED321478B390099C1BD /* Build configuration list for PBXProject "Wegaut" */;
			compatibilityVersion = "Xcode 9.3";
			developmentRegion = en;
			hasScannedForEncodings = 0;
			knownRegions = (
				en,
				Base,
				es,
			);
			mainGroup = D5E20ECF21478B390099C1BD;
			productRefGroup = D5E20ED921478B390099C1BD /* Products */;
			projectDirPath = "";
			projectRoot = "";
			targets = (
				D5E20ED721478B390099C1BD /* Wegaut */,
				D5E20EEB21478B3A0099C1BD /* WegautTests */,
				D5E20EF621478B3A0099C1BD /* WegautUITests */,
			);
		};
/* End PBXProject section */

/* Begin PBXResourcesBuildPhase section */
		D5E20ED621478B390099C1BD /* Resources */ = {
			isa = PBXResourcesBuildPhase;
			buildActionMask = 2147483647;
			files = (
				D5D14632214D8505005C2FC5 /* Localizable.strings in Resources */,
				D5EBD478214982D700FEEBA4 /* Login.storyboard in Resources */,
				D5E20EE621478B3A0099C1BD /* LaunchScreen.storyboard in Resources */,
				D5E20EE321478B3A0099C1BD /* Assets.xcassets in Resources */,
				D5E20EE121478B390099C1BD /* Main.storyboard in Resources */,
			);
			runOnlyForDeploymentPostprocessing = 0;
		};
		D5E20EEA21478B3A0099C1BD /* Resources */ = {
			isa = PBXResourcesBuildPhase;
			buildActionMask = 2147483647;
			files = (
			);
			runOnlyForDeploymentPostprocessing = 0;
		};
		D5E20EF521478B3A0099C1BD /* Resources */ = {
			isa = PBXResourcesBuildPhase;
			buildActionMask = 2147483647;
			files = (
			);
			runOnlyForDeploymentPostprocessing = 0;
		};
/* End PBXResourcesBuildPhase section */

/* Begin PBXSourcesBuildPhase section */
		D5E20ED421478B390099C1BD /* Sources */ = {
			isa = PBXSourcesBuildPhase;
			buildActionMask = 2147483647;
			files = (
				D5E20EDC21478B390099C1BD /* AppDelegate.swift in Sources */,
				D52CB3EF214AD40C007C58D2 /* UIViewControllerExtensions.swift in Sources */,
				D5D1462D214D7CC5005C2FC5 /* UIImageExtension.swift in Sources */,
				D5D14629214D75E5005C2FC5 /* StringExtensions.swift in Sources */,
				D5D1462B214D7A0F005C2FC5 /* UITextFieldExtensions.swift in Sources */,
				D52CB3EC214AD284007C58D2 /* WegautConstants.swift in Sources */,
				D5CB94DE2149973D00009BCB /* LoginVC.swift in Sources */,
			);
			runOnlyForDeploymentPostprocessing = 0;
		};
		D5E20EE821478B3A0099C1BD /* Sources */ = {
			isa = PBXSourcesBuildPhase;
			buildActionMask = 2147483647;
			files = (
				D5E20EF121478B3A0099C1BD /* WegautTests.swift in Sources */,
			);
			runOnlyForDeploymentPostprocessing = 0;
		};
		D5E20EF321478B3A0099C1BD /* Sources */ = {
			isa = PBXSourcesBuildPhase;
			buildActionMask = 2147483647;
			files = (
				D5E20EFC21478B3A0099C1BD /* WegautUITests.swift in Sources */,
			);
			runOnlyForDeploymentPostprocessing = 0;
		};
/* End PBXSourcesBuildPhase section */

/* Begin PBXTargetDependency section */
		D5E20EEE21478B3A0099C1BD /* PBXTargetDependency */ = {
			isa = PBXTargetDependency;
			target = D5E20ED721478B390099C1BD /* Wegaut */;
			targetProxy = D5E20EED21478B3A0099C1BD /* PBXContainerItemProxy */;
		};
		D5E20EF921478B3A0099C1BD /* PBXTargetDependency */ = {
			isa = PBXTargetDependency;
			target = D5E20ED721478B390099C1BD /* Wegaut */;
			targetProxy = D5E20EF821478B3A0099C1BD /* PBXContainerItemProxy */;
		};
/* End PBXTargetDependency section */

/* Begin PBXVariantGroup section */
		D5D14634214D8505005C2FC5 /* Localizable.strings */ = {
			isa = PBXVariantGroup;
			children = (
				D5D14633214D8505005C2FC5 /* en */,
				D5D14635214D850A005C2FC5 /* es */,
			);
			name = Localizable.strings;
			sourceTree = "<group>";
		};
		D5E20EDF21478B390099C1BD /* Main.storyboard */ = {
			isa = PBXVariantGroup;
			children = (
				D5E20EE021478B390099C1BD /* Base */,
				D5D14631214D84E6005C2FC5 /* es */,
			);
			name = Main.storyboard;
			sourceTree = "<group>";
		};
		D5E20EE421478B3A0099C1BD /* LaunchScreen.storyboard */ = {
			isa = PBXVariantGroup;
			children = (
				D5E20EE521478B3A0099C1BD /* Base */,
				D5D14630214D84E6005C2FC5 /* es */,
			);
			name = LaunchScreen.storyboard;
			sourceTree = "<group>";
		};
/* End PBXVariantGroup section */

/* Begin XCBuildConfiguration section */
		D5E20EFE21478B3A0099C1BD /* Debug */ = {
			isa = XCBuildConfiguration;
			buildSettings = {
				ALWAYS_SEARCH_USER_PATHS = NO;
				CLANG_ANALYZER_LOCALIZABILITY_NONLOCALIZED = YES;
				CLANG_ANALYZER_NONNULL = YES;
				CLANG_ANALYZER_NUMBER_OBJECT_CONVERSION = YES_AGGRESSIVE;
				CLANG_CXX_LANGUAGE_STANDARD = "gnu++14";
				CLANG_CXX_LIBRARY = "libc++";
				CLANG_ENABLE_MODULES = YES;
				CLANG_ENABLE_OBJC_ARC = YES;
				CLANG_ENABLE_OBJC_WEAK = YES;
				CLANG_WARN_BLOCK_CAPTURE_AUTORELEASING = YES;
				CLANG_WARN_BOOL_CONVERSION = YES;
				CLANG_WARN_COMMA = YES;
				CLANG_WARN_CONSTANT_CONVERSION = YES;
				CLANG_WARN_DEPRECATED_OBJC_IMPLEMENTATIONS = YES;
				CLANG_WARN_DIRECT_OBJC_ISA_USAGE = YES_ERROR;
				CLANG_WARN_DOCUMENTATION_COMMENTS = YES;
				CLANG_WARN_EMPTY_BODY = YES;
				CLANG_WARN_ENUM_CONVERSION = YES;
				CLANG_WARN_INFINITE_RECURSION = YES;
				CLANG_WARN_INT_CONVERSION = YES;
				CLANG_WARN_NON_LITERAL_NULL_CONVERSION = YES;
				CLANG_WARN_OBJC_IMPLICIT_RETAIN_SELF = YES;
				CLANG_WARN_OBJC_LITERAL_CONVERSION = YES;
				CLANG_WARN_OBJC_ROOT_CLASS = YES_ERROR;
				CLANG_WARN_RANGE_LOOP_ANALYSIS = YES;
				CLANG_WARN_STRICT_PROTOTYPES = YES;
				CLANG_WARN_SUSPICIOUS_MOVE = YES;
				CLANG_WARN_UNGUARDED_AVAILABILITY = YES_AGGRESSIVE;
				CLANG_WARN_UNREACHABLE_CODE = YES;
				CLANG_WARN__DUPLICATE_METHOD_MATCH = YES;
				CODE_SIGN_IDENTITY = "iPhone Developer";
				COPY_PHASE_STRIP = NO;
				DEBUG_INFORMATION_FORMAT = dwarf;
				ENABLE_STRICT_OBJC_MSGSEND = YES;
				ENABLE_TESTABILITY = YES;
				GCC_C_LANGUAGE_STANDARD = gnu11;
				GCC_DYNAMIC_NO_PIC = NO;
				GCC_NO_COMMON_BLOCKS = YES;
				GCC_OPTIMIZATION_LEVEL = 0;
				GCC_PREPROCESSOR_DEFINITIONS = (
					"DEBUG=1",
					"$(inherited)",
				);
				GCC_WARN_64_TO_32_BIT_CONVERSION = YES;
				GCC_WARN_ABOUT_RETURN_TYPE = YES_ERROR;
				GCC_WARN_UNDECLARED_SELECTOR = YES;
				GCC_WARN_UNINITIALIZED_AUTOS = YES_AGGRESSIVE;
				GCC_WARN_UNUSED_FUNCTION = YES;
				GCC_WARN_UNUSED_VARIABLE = YES;
				IPHONEOS_DEPLOYMENT_TARGET = 11.4;
				MTL_ENABLE_DEBUG_INFO = YES;
				ONLY_ACTIVE_ARCH = YES;
				SDKROOT = iphoneos;
				SWIFT_ACTIVE_COMPILATION_CONDITIONS = DEBUG;
				SWIFT_OPTIMIZATION_LEVEL = "-Onone";
			};
			name = Debug;
		};
		D5E20EFF21478B3A0099C1BD /* Release */ = {
			isa = XCBuildConfiguration;
			buildSettings = {
				ALWAYS_SEARCH_USER_PATHS = NO;
				CLANG_ANALYZER_LOCALIZABILITY_NONLOCALIZED = YES;
				CLANG_ANALYZER_NONNULL = YES;
				CLANG_ANALYZER_NUMBER_OBJECT_CONVERSION = YES_AGGRESSIVE;
				CLANG_CXX_LANGUAGE_STANDARD = "gnu++14";
				CLANG_CXX_LIBRARY = "libc++";
				CLANG_ENABLE_MODULES = YES;
				CLANG_ENABLE_OBJC_ARC = YES;
				CLANG_ENABLE_OBJC_WEAK = YES;
				CLANG_WARN_BLOCK_CAPTURE_AUTORELEASING = YES;
				CLANG_WARN_BOOL_CONVERSION = YES;
				CLANG_WARN_COMMA = YES;
				CLANG_WARN_CONSTANT_CONVERSION = YES;
				CLANG_WARN_DEPRECATED_OBJC_IMPLEMENTATIONS = YES;
				CLANG_WARN_DIRECT_OBJC_ISA_USAGE = YES_ERROR;
				CLANG_WARN_DOCUMENTATION_COMMENTS = YES;
				CLANG_WARN_EMPTY_BODY = YES;
				CLANG_WARN_ENUM_CONVERSION = YES;
				CLANG_WARN_INFINITE_RECURSION = YES;
				CLANG_WARN_INT_CONVERSION = YES;
				CLANG_WARN_NON_LITERAL_NULL_CONVERSION = YES;
				CLANG_WARN_OBJC_IMPLICIT_RETAIN_SELF = YES;
				CLANG_WARN_OBJC_LITERAL_CONVERSION = YES;
				CLANG_WARN_OBJC_ROOT_CLASS = YES_ERROR;
				CLANG_WARN_RANGE_LOOP_ANALYSIS = YES;
				CLANG_WARN_STRICT_PROTOTYPES = YES;
				CLANG_WARN_SUSPICIOUS_MOVE = YES;
				CLANG_WARN_UNGUARDED_AVAILABILITY = YES_AGGRESSIVE;
				CLANG_WARN_UNREACHABLE_CODE = YES;
				CLANG_WARN__DUPLICATE_METHOD_MATCH = YES;
				CODE_SIGN_IDENTITY = "iPhone Developer";
				COPY_PHASE_STRIP = NO;
				DEBUG_INFORMATION_FORMAT = "dwarf-with-dsym";
				ENABLE_NS_ASSERTIONS = NO;
				ENABLE_STRICT_OBJC_MSGSEND = YES;
				GCC_C_LANGUAGE_STANDARD = gnu11;
				GCC_NO_COMMON_BLOCKS = YES;
				GCC_WARN_64_TO_32_BIT_CONVERSION = YES;
				GCC_WARN_ABOUT_RETURN_TYPE = YES_ERROR;
				GCC_WARN_UNDECLARED_SELECTOR = YES;
				GCC_WARN_UNINITIALIZED_AUTOS = YES_AGGRESSIVE;
				GCC_WARN_UNUSED_FUNCTION = YES;
				GCC_WARN_UNUSED_VARIABLE = YES;
				IPHONEOS_DEPLOYMENT_TARGET = 11.4;
				MTL_ENABLE_DEBUG_INFO = NO;
				SDKROOT = iphoneos;
				SWIFT_COMPILATION_MODE = wholemodule;
				SWIFT_OPTIMIZATION_LEVEL = "-O";
				VALIDATE_PRODUCT = YES;
			};
			name = Release;
		};
		D5E20F0121478B3A0099C1BD /* Debug */ = {
			isa = XCBuildConfiguration;
			buildSettings = {
				ASSETCATALOG_COMPILER_APPICON_NAME = AppIcon;
				CODE_SIGN_STYLE = Automatic;
				DEVELOPMENT_TEAM = LUY25X6XJ5;
				INFOPLIST_FILE = "$(SRCROOT)/Wegaut/Resources/Info.plist";
				LD_RUNPATH_SEARCH_PATHS = (
					"$(inherited)",
					"@executable_path/Frameworks",
				);
				PRODUCT_BUNDLE_IDENTIFIER = com.wegaut.Wegaut;
				PRODUCT_NAME = "$(TARGET_NAME)";
				SWIFT_VERSION = 4.0;
				TARGETED_DEVICE_FAMILY = "1,2";
			};
			name = Debug;
		};
		D5E20F0221478B3A0099C1BD /* Release */ = {
			isa = XCBuildConfiguration;
			buildSettings = {
				ASSETCATALOG_COMPILER_APPICON_NAME = AppIcon;
				CODE_SIGN_STYLE = Automatic;
				DEVELOPMENT_TEAM = LUY25X6XJ5;
				INFOPLIST_FILE = "$(SRCROOT)/Wegaut/Resources/Info.plist";
				LD_RUNPATH_SEARCH_PATHS = (
					"$(inherited)",
					"@executable_path/Frameworks",
				);
				PRODUCT_BUNDLE_IDENTIFIER = com.wegaut.Wegaut;
				PRODUCT_NAME = "$(TARGET_NAME)";
				SWIFT_VERSION = 4.0;
				TARGETED_DEVICE_FAMILY = "1,2";
			};
			name = Release;
		};
		D5E20F0421478B3A0099C1BD /* Debug */ = {
			isa = XCBuildConfiguration;
			buildSettings = {
				ALWAYS_EMBED_SWIFT_STANDARD_LIBRARIES = YES;
				BUNDLE_LOADER = "$(TEST_HOST)";
				CODE_SIGN_STYLE = Automatic;
				DEVELOPMENT_TEAM = LUY25X6XJ5;
				INFOPLIST_FILE = WegautTests/Info.plist;
				LD_RUNPATH_SEARCH_PATHS = (
					"$(inherited)",
					"@executable_path/Frameworks",
					"@loader_path/Frameworks",
				);
				PRODUCT_BUNDLE_IDENTIFIER = com.wegaut.wegaut.WegautTests;
				PRODUCT_NAME = "$(TARGET_NAME)";
				SWIFT_VERSION = 4.0;
				TARGETED_DEVICE_FAMILY = "1,2";
				TEST_HOST = "$(BUILT_PRODUCTS_DIR)/Wegaut.app/Wegaut";
			};
			name = Debug;
		};
		D5E20F0521478B3A0099C1BD /* Release */ = {
			isa = XCBuildConfiguration;
			buildSettings = {
				ALWAYS_EMBED_SWIFT_STANDARD_LIBRARIES = YES;
				BUNDLE_LOADER = "$(TEST_HOST)";
				CODE_SIGN_STYLE = Automatic;
				DEVELOPMENT_TEAM = LUY25X6XJ5;
				INFOPLIST_FILE = WegautTests/Info.plist;
				LD_RUNPATH_SEARCH_PATHS = (
					"$(inherited)",
					"@executable_path/Frameworks",
					"@loader_path/Frameworks",
				);
				PRODUCT_BUNDLE_IDENTIFIER = com.wegaut.wegaut.WegautTests;
				PRODUCT_NAME = "$(TARGET_NAME)";
				SWIFT_VERSION = 4.0;
				TARGETED_DEVICE_FAMILY = "1,2";
				TEST_HOST = "$(BUILT_PRODUCTS_DIR)/Wegaut.app/Wegaut";
			};
			name = Release;
		};
		D5E20F0721478B3A0099C1BD /* Debug */ = {
			isa = XCBuildConfiguration;
			buildSettings = {
				ALWAYS_EMBED_SWIFT_STANDARD_LIBRARIES = YES;
				CODE_SIGN_STYLE = Automatic;
				DEVELOPMENT_TEAM = LUY25X6XJ5;
				INFOPLIST_FILE = WegautUITests/Info.plist;
				LD_RUNPATH_SEARCH_PATHS = (
					"$(inherited)",
					"@executable_path/Frameworks",
					"@loader_path/Frameworks",
				);
				PRODUCT_BUNDLE_IDENTIFIER = com.wegaut.wegaut.WegautUITests;
				PRODUCT_NAME = "$(TARGET_NAME)";
				SWIFT_VERSION = 4.0;
				TARGETED_DEVICE_FAMILY = "1,2";
				TEST_TARGET_NAME = Wegaut;
			};
			name = Debug;
		};
		D5E20F0821478B3A0099C1BD /* Release */ = {
			isa = XCBuildConfiguration;
			buildSettings = {
				ALWAYS_EMBED_SWIFT_STANDARD_LIBRARIES = YES;
				CODE_SIGN_STYLE = Automatic;
				DEVELOPMENT_TEAM = LUY25X6XJ5;
				INFOPLIST_FILE = WegautUITests/Info.plist;
				LD_RUNPATH_SEARCH_PATHS = (
					"$(inherited)",
					"@executable_path/Frameworks",
					"@loader_path/Frameworks",
				);
				PRODUCT_BUNDLE_IDENTIFIER = com.wegaut.wegaut.WegautUITests;
				PRODUCT_NAME = "$(TARGET_NAME)";
				SWIFT_VERSION = 4.0;
				TARGETED_DEVICE_FAMILY = "1,2";
				TEST_TARGET_NAME = Wegaut;
			};
			name = Release;
		};
/* End XCBuildConfiguration section */

/* Begin XCConfigurationList section */
		D5E20ED321478B390099C1BD /* Build configuration list for PBXProject "Wegaut" */ = {
			isa = XCConfigurationList;
			buildConfigurations = (
				D5E20EFE21478B3A0099C1BD /* Debug */,
				D5E20EFF21478B3A0099C1BD /* Release */,
			);
			defaultConfigurationIsVisible = 0;
			defaultConfigurationName = Release;
		};
		D5E20F0021478B3A0099C1BD /* Build configuration list for PBXNativeTarget "Wegaut" */ = {
			isa = XCConfigurationList;
			buildConfigurations = (
				D5E20F0121478B3A0099C1BD /* Debug */,
				D5E20F0221478B3A0099C1BD /* Release */,
			);
			defaultConfigurationIsVisible = 0;
			defaultConfigurationName = Release;
		};
		D5E20F0321478B3A0099C1BD /* Build configuration list for PBXNativeTarget "WegautTests" */ = {
			isa = XCConfigurationList;
			buildConfigurations = (
				D5E20F0421478B3A0099C1BD /* Debug */,
				D5E20F0521478B3A0099C1BD /* Release */,
			);
			defaultConfigurationIsVisible = 0;
			defaultConfigurationName = Release;
		};
		D5E20F0621478B3A0099C1BD /* Build configuration list for PBXNativeTarget "WegautUITests" */ = {
			isa = XCConfigurationList;
			buildConfigurations = (
				D5E20F0721478B3A0099C1BD /* Debug */,
				D5E20F0821478B3A0099C1BD /* Release */,
			);
			defaultConfigurationIsVisible = 0;
			defaultConfigurationName = Release;
		};
/* End XCConfigurationList section */
	};
	rootObject = D5E20ED021478B390099C1BD /* Project object */;
}
